// !$*UTF8*$!
{
	archiveVersion = 1;
	classes = {
	};
	objectVersion = 55;
	objects = {

/* Begin PBXBuildFile section */
		737EBF13B8EB362F9B577F86 /* Pods_Hinger_for_jobsTests.framework in Frameworks */ = {isa = PBXBuildFile; fileRef = EBC89B58A00A0279B49D2B59 /* Pods_Hinger_for_jobsTests.framework */; };
		B97F611988D72D04680023FF /* Pods_Hinger_for_jobs_Hinger_for_jobsUITests.framework in Frameworks */ = {isa = PBXBuildFile; fileRef = 0DD6D88832104444B163A738 /* Pods_Hinger_for_jobs_Hinger_for_jobsUITests.framework */; };
		C41467DF284FB5E600772E66 /* Coordinator.swift in Sources */ = {isa = PBXBuildFile; fileRef = C41467DE284FB5E600772E66 /* Coordinator.swift */; };
		C4184C50284AF0C2009107BD /* LoginViewController.swift in Sources */ = {isa = PBXBuildFile; fileRef = C4184C4F284AF0C2009107BD /* LoginViewController.swift */; };
		C4184C55284BB6E2009107BD /* SignInViewController.swift in Sources */ = {isa = PBXBuildFile; fileRef = C4184C54284BB6E2009107BD /* SignInViewController.swift */; };
		C4184C59284BC26E009107BD /* CreatingAnAccountViewController.swift in Sources */ = {isa = PBXBuildFile; fileRef = C4184C58284BC26E009107BD /* CreatingAnAccountViewController.swift */; };
		C4184C5C284BCB4F009107BD /* SignUpViewController.swift in Sources */ = {isa = PBXBuildFile; fileRef = C4184C5B284BCB4F009107BD /* SignUpViewController.swift */; };
		C4184C98284C0151009107BD /* Utilities.swift in Sources */ = {isa = PBXBuildFile; fileRef = C4184C97284C0150009107BD /* Utilities.swift */; };
		C443E59B284D16F500C4A35D /* UserInfo.swift in Sources */ = {isa = PBXBuildFile; fileRef = C443E59A284D16F500C4A35D /* UserInfo.swift */; };
		C443E59D284D864800C4A35D /* GoogleService-Info.plist in Resources */ = {isa = PBXBuildFile; fileRef = C443E59C284D864700C4A35D /* GoogleService-Info.plist */; };
		C443E5A4284E51DB00C4A35D /* SettingUpProfileForEmployerViewController.swift in Sources */ = {isa = PBXBuildFile; fileRef = C443E5A3284E51DB00C4A35D /* SettingUpProfileForEmployerViewController.swift */; };
		C443E5A6284E51F800C4A35D /* SettingUpProfileForEmployeeViewController.swift in Sources */ = {isa = PBXBuildFile; fileRef = C443E5A5284E51F800C4A35D /* SettingUpProfileForEmployeeViewController.swift */; };
		C4874812284F963A00878610 /* Data.swift in Sources */ = {isa = PBXBuildFile; fileRef = C4874811284F963A00878610 /* Data.swift */; };
		C491C4FC284A7422002B6718 /* AppDelegate.swift in Sources */ = {isa = PBXBuildFile; fileRef = C491C4FB284A7422002B6718 /* AppDelegate.swift */; };
		C491C4FE284A7422002B6718 /* SceneDelegate.swift in Sources */ = {isa = PBXBuildFile; fileRef = C491C4FD284A7422002B6718 /* SceneDelegate.swift */; };
		C491C503284A7422002B6718 /* Main.storyboard in Resources */ = {isa = PBXBuildFile; fileRef = C491C501284A7422002B6718 /* Main.storyboard */; };
		C491C505284A7425002B6718 /* Assets.xcassets in Resources */ = {isa = PBXBuildFile; fileRef = C491C504284A7425002B6718 /* Assets.xcassets */; };
		C491C508284A7425002B6718 /* LaunchScreen.storyboard in Resources */ = {isa = PBXBuildFile; fileRef = C491C506284A7425002B6718 /* LaunchScreen.storyboard */; };
		C491C513284A7426002B6718 /* Hinger_for_jobsTests.swift in Sources */ = {isa = PBXBuildFile; fileRef = C491C512284A7426002B6718 /* Hinger_for_jobsTests.swift */; };
		C491C51D284A7426002B6718 /* Hinger_for_jobsUITests.swift in Sources */ = {isa = PBXBuildFile; fileRef = C491C51C284A7426002B6718 /* Hinger_for_jobsUITests.swift */; };
		C491C51F284A7426002B6718 /* Hinger_for_jobsUITestsLaunchTests.swift in Sources */ = {isa = PBXBuildFile; fileRef = C491C51E284A7426002B6718 /* Hinger_for_jobsUITestsLaunchTests.swift */; };
		C491C530284A74F5002B6718 /* OnboardingViewController.swift in Sources */ = {isa = PBXBuildFile; fileRef = C491C52F284A74F5002B6718 /* OnboardingViewController.swift */; };
		C491C533284A7AFD002B6718 /* UIView+Extension.swift in Sources */ = {isa = PBXBuildFile; fileRef = C491C532284A7AFD002B6718 /* UIView+Extension.swift */; };
		C4DD4FB3284CF5A600011DB6 /* HomeEmployerViewController.swift in Sources */ = {isa = PBXBuildFile; fileRef = C4DD4FB2284CF5A600011DB6 /* HomeEmployerViewController.swift */; };
		C4DD4FB5284CF5B300011DB6 /* HomeEmployeeViewController.swift in Sources */ = {isa = PBXBuildFile; fileRef = C4DD4FB4284CF5B300011DB6 /* HomeEmployeeViewController.swift */; };
		C4F1FFD9284A7CC300CB8D1D /* OnboardingSlide.swift in Sources */ = {isa = PBXBuildFile; fileRef = C4F1FFD8284A7CC300CB8D1D /* OnboardingSlide.swift */; };
		C4F1FFDB284A7F3100CB8D1D /* OnboardingCollectionViewCell.swift in Sources */ = {isa = PBXBuildFile; fileRef = C4F1FFDA284A7F3100CB8D1D /* OnboardingCollectionViewCell.swift */; };
		FAA61B33320F505638F79BC9 /* Pods_Hinger_for_jobs.framework in Frameworks */ = {isa = PBXBuildFile; fileRef = FBB2932C85ABEA1CDF8191C2 /* Pods_Hinger_for_jobs.framework */; };
/* End PBXBuildFile section */

/* Begin PBXContainerItemProxy section */
		C491C50F284A7426002B6718 /* PBXContainerItemProxy */ = {
			isa = PBXContainerItemProxy;
			containerPortal = C491C4F0284A7422002B6718 /* Project object */;
			proxyType = 1;
			remoteGlobalIDString = C491C4F7284A7422002B6718;
			remoteInfo = "Hinger for jobs";
		};
		C491C519284A7426002B6718 /* PBXContainerItemProxy */ = {
			isa = PBXContainerItemProxy;
			containerPortal = C491C4F0284A7422002B6718 /* Project object */;
			proxyType = 1;
			remoteGlobalIDString = C491C4F7284A7422002B6718;
			remoteInfo = "Hinger for jobs";
		};
/* End PBXContainerItemProxy section */

/* Begin PBXFileReference section */
		0B272F0E960D77A350AE6E40 /* Pods-Hinger for jobs.debug.xcconfig */ = {isa = PBXFileReference; includeInIndex = 1; lastKnownFileType = text.xcconfig; name = "Pods-Hinger for jobs.debug.xcconfig"; path = "Target Support Files/Pods-Hinger for jobs/Pods-Hinger for jobs.debug.xcconfig"; sourceTree = "<group>"; };
		0BBF501FE3F5FA71CE5CB92D /* Pods-Hinger for jobs-Hinger for jobsUITests.release.xcconfig */ = {isa = PBXFileReference; includeInIndex = 1; lastKnownFileType = text.xcconfig; name = "Pods-Hinger for jobs-Hinger for jobsUITests.release.xcconfig"; path = "Target Support Files/Pods-Hinger for jobs-Hinger for jobsUITests/Pods-Hinger for jobs-Hinger for jobsUITests.release.xcconfig"; sourceTree = "<group>"; };
		0DD6D88832104444B163A738 /* Pods_Hinger_for_jobs_Hinger_for_jobsUITests.framework */ = {isa = PBXFileReference; explicitFileType = wrapper.framework; includeInIndex = 0; path = Pods_Hinger_for_jobs_Hinger_for_jobsUITests.framework; sourceTree = BUILT_PRODUCTS_DIR; };
		2F7B71F7C7A65F6E2418010C /* Pods-Hinger for jobsTests.release.xcconfig */ = {isa = PBXFileReference; includeInIndex = 1; lastKnownFileType = text.xcconfig; name = "Pods-Hinger for jobsTests.release.xcconfig"; path = "Target Support Files/Pods-Hinger for jobsTests/Pods-Hinger for jobsTests.release.xcconfig"; sourceTree = "<group>"; };
		5DC424E7BE579F2CF379ADAB /* Pods-Hinger for jobs-Hinger for jobsUITests.debug.xcconfig */ = {isa = PBXFileReference; includeInIndex = 1; lastKnownFileType = text.xcconfig; name = "Pods-Hinger for jobs-Hinger for jobsUITests.debug.xcconfig"; path = "Target Support Files/Pods-Hinger for jobs-Hinger for jobsUITests/Pods-Hinger for jobs-Hinger for jobsUITests.debug.xcconfig"; sourceTree = "<group>"; };
		97772A38CC1144FFE949751B /* Pods-Hinger for jobs.release.xcconfig */ = {isa = PBXFileReference; includeInIndex = 1; lastKnownFileType = text.xcconfig; name = "Pods-Hinger for jobs.release.xcconfig"; path = "Target Support Files/Pods-Hinger for jobs/Pods-Hinger for jobs.release.xcconfig"; sourceTree = "<group>"; };
		ABA23F3006F72852B0CEBA2D /* Pods-Hinger for jobsTests.debug.xcconfig */ = {isa = PBXFileReference; includeInIndex = 1; lastKnownFileType = text.xcconfig; name = "Pods-Hinger for jobsTests.debug.xcconfig"; path = "Target Support Files/Pods-Hinger for jobsTests/Pods-Hinger for jobsTests.debug.xcconfig"; sourceTree = "<group>"; };
		C41467DE284FB5E600772E66 /* Coordinator.swift */ = {isa = PBXFileReference; lastKnownFileType = sourcecode.swift; path = Coordinator.swift; sourceTree = "<group>"; };
		C4184C4F284AF0C2009107BD /* LoginViewController.swift */ = {isa = PBXFileReference; lastKnownFileType = sourcecode.swift; path = LoginViewController.swift; sourceTree = "<group>"; };
		C4184C54284BB6E2009107BD /* SignInViewController.swift */ = {isa = PBXFileReference; lastKnownFileType = sourcecode.swift; path = SignInViewController.swift; sourceTree = "<group>"; };
		C4184C58284BC26E009107BD /* CreatingAnAccountViewController.swift */ = {isa = PBXFileReference; lastKnownFileType = sourcecode.swift; path = CreatingAnAccountViewController.swift; sourceTree = "<group>"; };
		C4184C5B284BCB4F009107BD /* SignUpViewController.swift */ = {isa = PBXFileReference; lastKnownFileType = sourcecode.swift; path = SignUpViewController.swift; sourceTree = "<group>"; };
		C4184C97284C0150009107BD /* Utilities.swift */ = {isa = PBXFileReference; lastKnownFileType = sourcecode.swift; path = Utilities.swift; sourceTree = "<group>"; };
		C443E59A284D16F500C4A35D /* UserInfo.swift */ = {isa = PBXFileReference; lastKnownFileType = sourcecode.swift; path = UserInfo.swift; sourceTree = "<group>"; };
		C443E59C284D864700C4A35D /* GoogleService-Info.plist */ = {isa = PBXFileReference; fileEncoding = 4; lastKnownFileType = text.plist.xml; path = "GoogleService-Info.plist"; sourceTree = "<group>"; };
		C443E5A3284E51DB00C4A35D /* SettingUpProfileForEmployerViewController.swift */ = {isa = PBXFileReference; lastKnownFileType = sourcecode.swift; path = SettingUpProfileForEmployerViewController.swift; sourceTree = "<group>"; };
		C443E5A5284E51F800C4A35D /* SettingUpProfileForEmployeeViewController.swift */ = {isa = PBXFileReference; lastKnownFileType = sourcecode.swift; path = SettingUpProfileForEmployeeViewController.swift; sourceTree = "<group>"; };
		C4874811284F963A00878610 /* Data.swift */ = {isa = PBXFileReference; lastKnownFileType = sourcecode.swift; path = Data.swift; sourceTree = "<group>"; };
		C491C4F8284A7422002B6718 /* Hinger for jobs.app */ = {isa = PBXFileReference; explicitFileType = wrapper.application; includeInIndex = 0; path = "Hinger for jobs.app"; sourceTree = BUILT_PRODUCTS_DIR; };
		C491C4FB284A7422002B6718 /* AppDelegate.swift */ = {isa = PBXFileReference; lastKnownFileType = sourcecode.swift; path = AppDelegate.swift; sourceTree = "<group>"; };
		C491C4FD284A7422002B6718 /* SceneDelegate.swift */ = {isa = PBXFileReference; lastKnownFileType = sourcecode.swift; path = SceneDelegate.swift; sourceTree = "<group>"; };
		C491C502284A7422002B6718 /* Base */ = {isa = PBXFileReference; lastKnownFileType = file.storyboard; name = Base; path = Base.lproj/Main.storyboard; sourceTree = "<group>"; };
		C491C504284A7425002B6718 /* Assets.xcassets */ = {isa = PBXFileReference; lastKnownFileType = folder.assetcatalog; path = Assets.xcassets; sourceTree = "<group>"; };
		C491C507284A7425002B6718 /* Base */ = {isa = PBXFileReference; lastKnownFileType = file.storyboard; name = Base; path = Base.lproj/LaunchScreen.storyboard; sourceTree = "<group>"; };
		C491C509284A7425002B6718 /* Info.plist */ = {isa = PBXFileReference; lastKnownFileType = text.plist.xml; path = Info.plist; sourceTree = "<group>"; };
		C491C50E284A7426002B6718 /* Hinger for jobsTests.xctest */ = {isa = PBXFileReference; explicitFileType = wrapper.cfbundle; includeInIndex = 0; path = "Hinger for jobsTests.xctest"; sourceTree = BUILT_PRODUCTS_DIR; };
		C491C512284A7426002B6718 /* Hinger_for_jobsTests.swift */ = {isa = PBXFileReference; lastKnownFileType = sourcecode.swift; path = Hinger_for_jobsTests.swift; sourceTree = "<group>"; };
		C491C518284A7426002B6718 /* Hinger for jobsUITests.xctest */ = {isa = PBXFileReference; explicitFileType = wrapper.cfbundle; includeInIndex = 0; path = "Hinger for jobsUITests.xctest"; sourceTree = BUILT_PRODUCTS_DIR; };
		C491C51C284A7426002B6718 /* Hinger_for_jobsUITests.swift */ = {isa = PBXFileReference; lastKnownFileType = sourcecode.swift; path = Hinger_for_jobsUITests.swift; sourceTree = "<group>"; };
		C491C51E284A7426002B6718 /* Hinger_for_jobsUITestsLaunchTests.swift */ = {isa = PBXFileReference; lastKnownFileType = sourcecode.swift; path = Hinger_for_jobsUITestsLaunchTests.swift; sourceTree = "<group>"; };
		C491C52F284A74F5002B6718 /* OnboardingViewController.swift */ = {isa = PBXFileReference; lastKnownFileType = sourcecode.swift; path = OnboardingViewController.swift; sourceTree = "<group>"; };
		C491C532284A7AFD002B6718 /* UIView+Extension.swift */ = {isa = PBXFileReference; lastKnownFileType = sourcecode.swift; path = "UIView+Extension.swift"; sourceTree = "<group>"; };
		C4DD4FB2284CF5A600011DB6 /* HomeEmployerViewController.swift */ = {isa = PBXFileReference; lastKnownFileType = sourcecode.swift; path = HomeEmployerViewController.swift; sourceTree = "<group>"; };
		C4DD4FB4284CF5B300011DB6 /* HomeEmployeeViewController.swift */ = {isa = PBXFileReference; lastKnownFileType = sourcecode.swift; path = HomeEmployeeViewController.swift; sourceTree = "<group>"; };
		C4F1FFD8284A7CC300CB8D1D /* OnboardingSlide.swift */ = {isa = PBXFileReference; lastKnownFileType = sourcecode.swift; path = OnboardingSlide.swift; sourceTree = "<group>"; };
		C4F1FFDA284A7F3100CB8D1D /* OnboardingCollectionViewCell.swift */ = {isa = PBXFileReference; lastKnownFileType = sourcecode.swift; path = OnboardingCollectionViewCell.swift; sourceTree = "<group>"; };
		EBC89B58A00A0279B49D2B59 /* Pods_Hinger_for_jobsTests.framework */ = {isa = PBXFileReference; explicitFileType = wrapper.framework; includeInIndex = 0; path = Pods_Hinger_for_jobsTests.framework; sourceTree = BUILT_PRODUCTS_DIR; };
		FBB2932C85ABEA1CDF8191C2 /* Pods_Hinger_for_jobs.framework */ = {isa = PBXFileReference; explicitFileType = wrapper.framework; includeInIndex = 0; path = Pods_Hinger_for_jobs.framework; sourceTree = BUILT_PRODUCTS_DIR; };
/* End PBXFileReference section */

/* Begin PBXFrameworksBuildPhase section */
		C491C4F5284A7422002B6718 /* Frameworks */ = {
			isa = PBXFrameworksBuildPhase;
			buildActionMask = 2147483647;
			files = (
				FAA61B33320F505638F79BC9 /* Pods_Hinger_for_jobs.framework in Frameworks */,
			);
			runOnlyForDeploymentPostprocessing = 0;
		};
		C491C50B284A7426002B6718 /* Frameworks */ = {
			isa = PBXFrameworksBuildPhase;
			buildActionMask = 2147483647;
			files = (
				737EBF13B8EB362F9B577F86 /* Pods_Hinger_for_jobsTests.framework in Frameworks */,
			);
			runOnlyForDeploymentPostprocessing = 0;
		};
		C491C515284A7426002B6718 /* Frameworks */ = {
			isa = PBXFrameworksBuildPhase;
			buildActionMask = 2147483647;
			files = (
				B97F611988D72D04680023FF /* Pods_Hinger_for_jobs_Hinger_for_jobsUITests.framework in Frameworks */,
			);
			runOnlyForDeploymentPostprocessing = 0;
		};
/* End PBXFrameworksBuildPhase section */

/* Begin PBXGroup section */
		BF6FDAB6DF18A21F3E65C60B /* Pods */ = {
			isa = PBXGroup;
			children = (
				0B272F0E960D77A350AE6E40 /* Pods-Hinger for jobs.debug.xcconfig */,
				97772A38CC1144FFE949751B /* Pods-Hinger for jobs.release.xcconfig */,
				5DC424E7BE579F2CF379ADAB /* Pods-Hinger for jobs-Hinger for jobsUITests.debug.xcconfig */,
				0BBF501FE3F5FA71CE5CB92D /* Pods-Hinger for jobs-Hinger for jobsUITests.release.xcconfig */,
				ABA23F3006F72852B0CEBA2D /* Pods-Hinger for jobsTests.debug.xcconfig */,
				2F7B71F7C7A65F6E2418010C /* Pods-Hinger for jobsTests.release.xcconfig */,
			);
			path = Pods;
			sourceTree = "<group>";
		};
		C4184C4C284AEBE5009107BD /* Login */ = {
			isa = PBXGroup;
			children = (
				C4184C4F284AF0C2009107BD /* LoginViewController.swift */,
				C4184C53284BB6C3009107BD /* Sign Up */,
				C4184C52284BB6B3009107BD /* Sign In */,
				C443E5A0284E517400C4A35D /* SettingUpProfile */,
			);
			path = Login;
			sourceTree = "<group>";
		};
		C4184C4D284AEBED009107BD /* HomeEmployee */ = {
			isa = PBXGroup;
			children = (
				C4DD4FB4284CF5B300011DB6 /* HomeEmployeeViewController.swift */,
			);
			path = HomeEmployee;
			sourceTree = "<group>";
		};
		C4184C4E284AEBFA009107BD /* HomeEmployer */ = {
			isa = PBXGroup;
			children = (
				C4DD4FB2284CF5A600011DB6 /* HomeEmployerViewController.swift */,
			);
			path = HomeEmployer;
			sourceTree = "<group>";
		};
		C4184C52284BB6B3009107BD /* Sign In */ = {
			isa = PBXGroup;
			children = (
				C4184C54284BB6E2009107BD /* SignInViewController.swift */,
			);
			path = "Sign In";
			sourceTree = "<group>";
		};
		C4184C53284BB6C3009107BD /* Sign Up */ = {
			isa = PBXGroup;
			children = (
				C4184C5B284BCB4F009107BD /* SignUpViewController.swift */,
			);
			path = "Sign Up";
			sourceTree = "<group>";
		};
		C4184C5A284BCB30009107BD /* Creating an Account */ = {
			isa = PBXGroup;
			children = (
				C4184C58284BC26E009107BD /* CreatingAnAccountViewController.swift */,
			);
			path = "Creating an Account";
			sourceTree = "<group>";
		};
		C4184C96284C013D009107BD /* Helper */ = {
			isa = PBXGroup;
			children = (
				C4184C97284C0150009107BD /* Utilities.swift */,
				C4874811284F963A00878610 /* Data.swift */,
				C41467DE284FB5E600772E66 /* Coordinator.swift */,
			);
			path = Helper;
			sourceTree = "<group>";
		};
		C41F05CB284C339200E0C4C1 /* Frameworks */ = {
			isa = PBXGroup;
			children = (
				FBB2932C85ABEA1CDF8191C2 /* Pods_Hinger_for_jobs.framework */,
				0DD6D88832104444B163A738 /* Pods_Hinger_for_jobs_Hinger_for_jobsUITests.framework */,
				EBC89B58A00A0279B49D2B59 /* Pods_Hinger_for_jobsTests.framework */,
			);
			name = Frameworks;
			sourceTree = "<group>";
		};
		C443E59E284E50C800C4A35D /* Home */ = {
			isa = PBXGroup;
			children = (
				C4184C4E284AEBFA009107BD /* HomeEmployer */,
				C4184C4D284AEBED009107BD /* HomeEmployee */,
			);
			path = Home;
			sourceTree = "<group>";
		};
		C443E59F284E50E000C4A35D /* Extra */ = {
			isa = PBXGroup;
			children = (
				C491C52E284A74A6002B6718 /* Onboarding */,
			);
			path = Extra;
			sourceTree = "<group>";
		};
		C443E5A0284E517400C4A35D /* SettingUpProfile */ = {
			isa = PBXGroup;
			children = (
				C443E5A2284E51B700C4A35D /* ForEmployer */,
				C443E5A1284E51A600C4A35D /* ForEmployee */,
				C4184C5A284BCB30009107BD /* Creating an Account */,
			);
			path = SettingUpProfile;
			sourceTree = "<group>";
		};
		C443E5A1284E51A600C4A35D /* ForEmployee */ = {
			isa = PBXGroup;
			children = (
				C443E5A5284E51F800C4A35D /* SettingUpProfileForEmployeeViewController.swift */,
			);
			path = ForEmployee;
			sourceTree = "<group>";
		};
		C443E5A2284E51B700C4A35D /* ForEmployer */ = {
			isa = PBXGroup;
			children = (
				C443E5A3284E51DB00C4A35D /* SettingUpProfileForEmployerViewController.swift */,
			);
			path = ForEmployer;
			sourceTree = "<group>";
		};
		C491C4EF284A7422002B6718 = {
			isa = PBXGroup;
			children = (
				C491C4FA284A7422002B6718 /* Hinger for jobs */,
				C491C511284A7426002B6718 /* Hinger for jobsTests */,
				C491C51B284A7426002B6718 /* Hinger for jobsUITests */,
				C491C4F9284A7422002B6718 /* Products */,
				C41F05CB284C339200E0C4C1 /* Frameworks */,
				BF6FDAB6DF18A21F3E65C60B /* Pods */,
			);
			sourceTree = "<group>";
		};
		C491C4F9284A7422002B6718 /* Products */ = {
			isa = PBXGroup;
			children = (
				C491C4F8284A7422002B6718 /* Hinger for jobs.app */,
				C491C50E284A7426002B6718 /* Hinger for jobsTests.xctest */,
				C491C518284A7426002B6718 /* Hinger for jobsUITests.xctest */,
			);
			name = Products;
			sourceTree = "<group>";
		};
		C491C4FA284A7422002B6718 /* Hinger for jobs */ = {
			isa = PBXGroup;
			children = (
				C4184C96284C013D009107BD /* Helper */,
				C491C531284A7ABD002B6718 /* Extensions */,
				C491C52D284A7496002B6718 /* CustomViews */,
				C491C52C284A747E002B6718 /* Views */,
				C491C52B284A7471002B6718 /* Models */,
				C491C4FB284A7422002B6718 /* AppDelegate.swift */,
				C491C4FD284A7422002B6718 /* SceneDelegate.swift */,
				C491C501284A7422002B6718 /* Main.storyboard */,
				C491C504284A7425002B6718 /* Assets.xcassets */,
				C491C506284A7425002B6718 /* LaunchScreen.storyboard */,
				C491C509284A7425002B6718 /* Info.plist */,
				C443E59C284D864700C4A35D /* GoogleService-Info.plist */,
			);
			path = "Hinger for jobs";
			sourceTree = "<group>";
		};
		C491C511284A7426002B6718 /* Hinger for jobsTests */ = {
			isa = PBXGroup;
			children = (
				C491C512284A7426002B6718 /* Hinger_for_jobsTests.swift */,
			);
			path = "Hinger for jobsTests";
			sourceTree = "<group>";
		};
		C491C51B284A7426002B6718 /* Hinger for jobsUITests */ = {
			isa = PBXGroup;
			children = (
				C491C51C284A7426002B6718 /* Hinger_for_jobsUITests.swift */,
				C491C51E284A7426002B6718 /* Hinger_for_jobsUITestsLaunchTests.swift */,
			);
			path = "Hinger for jobsUITests";
			sourceTree = "<group>";
		};
		C491C52B284A7471002B6718 /* Models */ = {
			isa = PBXGroup;
			children = (
				C4F1FFD8284A7CC300CB8D1D /* OnboardingSlide.swift */,
				C443E59A284D16F500C4A35D /* UserInfo.swift */,
			);
			path = Models;
			sourceTree = "<group>";
		};
		C491C52C284A747E002B6718 /* Views */ = {
			isa = PBXGroup;
			children = (
				C443E59F284E50E000C4A35D /* Extra */,
				C443E59E284E50C800C4A35D /* Home */,
				C4184C4C284AEBE5009107BD /* Login */,
			);
			path = Views;
			sourceTree = "<group>";
		};
		C491C52D284A7496002B6718 /* CustomViews */ = {
			isa = PBXGroup;
			children = (
			);
			path = CustomViews;
			sourceTree = "<group>";
		};
		C491C52E284A74A6002B6718 /* Onboarding */ = {
			isa = PBXGroup;
			children = (
				C491C52F284A74F5002B6718 /* OnboardingViewController.swift */,
				C4F1FFDA284A7F3100CB8D1D /* OnboardingCollectionViewCell.swift */,
			);
			path = Onboarding;
			sourceTree = "<group>";
		};
		C491C531284A7ABD002B6718 /* Extensions */ = {
			isa = PBXGroup;
			children = (
				C491C532284A7AFD002B6718 /* UIView+Extension.swift */,
			);
			path = Extensions;
			sourceTree = "<group>";
		};
/* End PBXGroup section */

/* Begin PBXNativeTarget section */
		C491C4F7284A7422002B6718 /* Hinger for jobs */ = {
			isa = PBXNativeTarget;
			buildConfigurationList = C491C522284A7426002B6718 /* Build configuration list for PBXNativeTarget "Hinger for jobs" */;
			buildPhases = (
				EA069BA79B3034CAF2DE8F52 /* [CP] Check Pods Manifest.lock */,
				C491C4F4284A7422002B6718 /* Sources */,
				C491C4F5284A7422002B6718 /* Frameworks */,
				C491C4F6284A7422002B6718 /* Resources */,
				0D8A97B6649254D9D43933DC /* [CP] Embed Pods Frameworks */,
			);
			buildRules = (
			);
			dependencies = (
			);
			name = "Hinger for jobs";
			productName = "Hinger for jobs";
			productReference = C491C4F8284A7422002B6718 /* Hinger for jobs.app */;
			productType = "com.apple.product-type.application";
		};
		C491C50D284A7426002B6718 /* Hinger for jobsTests */ = {
			isa = PBXNativeTarget;
			buildConfigurationList = C491C525284A7426002B6718 /* Build configuration list for PBXNativeTarget "Hinger for jobsTests" */;
			buildPhases = (
				C45252030B2A769165CC0970 /* [CP] Check Pods Manifest.lock */,
				C491C50A284A7426002B6718 /* Sources */,
				C491C50B284A7426002B6718 /* Frameworks */,
				C491C50C284A7426002B6718 /* Resources */,
			);
			buildRules = (
			);
			dependencies = (
				C491C510284A7426002B6718 /* PBXTargetDependency */,
			);
			name = "Hinger for jobsTests";
			productName = "Hinger for jobsTests";
			productReference = C491C50E284A7426002B6718 /* Hinger for jobsTests.xctest */;
			productType = "com.apple.product-type.bundle.unit-test";
		};
		C491C517284A7426002B6718 /* Hinger for jobsUITests */ = {
			isa = PBXNativeTarget;
			buildConfigurationList = C491C528284A7426002B6718 /* Build configuration list for PBXNativeTarget "Hinger for jobsUITests" */;
			buildPhases = (
				25851ED64AC5D45B2DC62CAE /* [CP] Check Pods Manifest.lock */,
				C491C514284A7426002B6718 /* Sources */,
				C491C515284A7426002B6718 /* Frameworks */,
				C491C516284A7426002B6718 /* Resources */,
				0AAAAA99E48E56FEE95E11D8 /* [CP] Embed Pods Frameworks */,
			);
			buildRules = (
			);
			dependencies = (
				C491C51A284A7426002B6718 /* PBXTargetDependency */,
			);
			name = "Hinger for jobsUITests";
			productName = "Hinger for jobsUITests";
			productReference = C491C518284A7426002B6718 /* Hinger for jobsUITests.xctest */;
			productType = "com.apple.product-type.bundle.ui-testing";
		};
/* End PBXNativeTarget section */

/* Begin PBXProject section */
		C491C4F0284A7422002B6718 /* Project object */ = {
			isa = PBXProject;
			attributes = {
				BuildIndependentTargetsInParallel = 1;
				LastSwiftUpdateCheck = 1340;
				LastUpgradeCheck = 1340;
				TargetAttributes = {
					C491C4F7284A7422002B6718 = {
						CreatedOnToolsVersion = 13.4;
					};
					C491C50D284A7426002B6718 = {
						CreatedOnToolsVersion = 13.4;
						TestTargetID = C491C4F7284A7422002B6718;
					};
					C491C517284A7426002B6718 = {
						CreatedOnToolsVersion = 13.4;
						TestTargetID = C491C4F7284A7422002B6718;
					};
				};
			};
			buildConfigurationList = C491C4F3284A7422002B6718 /* Build configuration list for PBXProject "Hinger for jobs" */;
			compatibilityVersion = "Xcode 13.0";
			developmentRegion = en;
			hasScannedForEncodings = 0;
			knownRegions = (
				en,
				Base,
			);
			mainGroup = C491C4EF284A7422002B6718;
			packageReferences = (
				C4184C5F284BE1F6009107BD /* XCRemoteSwiftPackageReference "firebase-ios-sdk" */,
			);
			productRefGroup = C491C4F9284A7422002B6718 /* Products */;
			projectDirPath = "";
			projectRoot = "";
			targets = (
				C491C4F7284A7422002B6718 /* Hinger for jobs */,
				C491C50D284A7426002B6718 /* Hinger for jobsTests */,
				C491C517284A7426002B6718 /* Hinger for jobsUITests */,
			);
		};
/* End PBXProject section */

/* Begin PBXResourcesBuildPhase section */
		C491C4F6284A7422002B6718 /* Resources */ = {
			isa = PBXResourcesBuildPhase;
			buildActionMask = 2147483647;
			files = (
				C491C508284A7425002B6718 /* LaunchScreen.storyboard in Resources */,
				C443E59D284D864800C4A35D /* GoogleService-Info.plist in Resources */,
				C491C505284A7425002B6718 /* Assets.xcassets in Resources */,
				C491C503284A7422002B6718 /* Main.storyboard in Resources */,
			);
			runOnlyForDeploymentPostprocessing = 0;
		};
		C491C50C284A7426002B6718 /* Resources */ = {
			isa = PBXResourcesBuildPhase;
			buildActionMask = 2147483647;
			files = (
			);
			runOnlyForDeploymentPostprocessing = 0;
		};
		C491C516284A7426002B6718 /* Resources */ = {
			isa = PBXResourcesBuildPhase;
			buildActionMask = 2147483647;
			files = (
			);
			runOnlyForDeploymentPostprocessing = 0;
		};
/* End PBXResourcesBuildPhase section */

/* Begin PBXShellScriptBuildPhase section */
		0AAAAA99E48E56FEE95E11D8 /* [CP] Embed Pods Frameworks */ = {
			isa = PBXShellScriptBuildPhase;
			buildActionMask = 2147483647;
			files = (
			);
			inputFileListPaths = (
				"${PODS_ROOT}/Target Support Files/Pods-Hinger for jobs-Hinger for jobsUITests/Pods-Hinger for jobs-Hinger for jobsUITests-frameworks-${CONFIGURATION}-input-files.xcfilelist",
			);
			name = "[CP] Embed Pods Frameworks";
			outputFileListPaths = (
				"${PODS_ROOT}/Target Support Files/Pods-Hinger for jobs-Hinger for jobsUITests/Pods-Hinger for jobs-Hinger for jobsUITests-frameworks-${CONFIGURATION}-output-files.xcfilelist",
			);
			runOnlyForDeploymentPostprocessing = 0;
			shellPath = /bin/sh;
			shellScript = "\"${PODS_ROOT}/Target Support Files/Pods-Hinger for jobs-Hinger for jobsUITests/Pods-Hinger for jobs-Hinger for jobsUITests-frameworks.sh\"\n";
			showEnvVarsInLog = 0;
		};
		0D8A97B6649254D9D43933DC /* [CP] Embed Pods Frameworks */ = {
			isa = PBXShellScriptBuildPhase;
			buildActionMask = 2147483647;
			files = (
			);
			inputFileListPaths = (
				"${PODS_ROOT}/Target Support Files/Pods-Hinger for jobs/Pods-Hinger for jobs-frameworks-${CONFIGURATION}-input-files.xcfilelist",
			);
			name = "[CP] Embed Pods Frameworks";
			outputFileListPaths = (
				"${PODS_ROOT}/Target Support Files/Pods-Hinger for jobs/Pods-Hinger for jobs-frameworks-${CONFIGURATION}-output-files.xcfilelist",
			);
			runOnlyForDeploymentPostprocessing = 0;
			shellPath = /bin/sh;
			shellScript = "\"${PODS_ROOT}/Target Support Files/Pods-Hinger for jobs/Pods-Hinger for jobs-frameworks.sh\"\n";
			showEnvVarsInLog = 0;
		};
		25851ED64AC5D45B2DC62CAE /* [CP] Check Pods Manifest.lock */ = {
			isa = PBXShellScriptBuildPhase;
			buildActionMask = 2147483647;
			files = (
			);
			inputFileListPaths = (
			);
			inputPaths = (
				"${PODS_PODFILE_DIR_PATH}/Podfile.lock",
				"${PODS_ROOT}/Manifest.lock",
			);
			name = "[CP] Check Pods Manifest.lock";
			outputFileListPaths = (
			);
			outputPaths = (
				"$(DERIVED_FILE_DIR)/Pods-Hinger for jobs-Hinger for jobsUITests-checkManifestLockResult.txt",
			);
			runOnlyForDeploymentPostprocessing = 0;
			shellPath = /bin/sh;
			shellScript = "diff \"${PODS_PODFILE_DIR_PATH}/Podfile.lock\" \"${PODS_ROOT}/Manifest.lock\" > /dev/null\nif [ $? != 0 ] ; then\n    # print error to STDERR\n    echo \"error: The sandbox is not in sync with the Podfile.lock. Run 'pod install' or update your CocoaPods installation.\" >&2\n    exit 1\nfi\n# This output is used by Xcode 'outputs' to avoid re-running this script phase.\necho \"SUCCESS\" > \"${SCRIPT_OUTPUT_FILE_0}\"\n";
			showEnvVarsInLog = 0;
		};
		C45252030B2A769165CC0970 /* [CP] Check Pods Manifest.lock */ = {
			isa = PBXShellScriptBuildPhase;
			buildActionMask = 2147483647;
			files = (
			);
			inputFileListPaths = (
			);
			inputPaths = (
				"${PODS_PODFILE_DIR_PATH}/Podfile.lock",
				"${PODS_ROOT}/Manifest.lock",
			);
			name = "[CP] Check Pods Manifest.lock";
			outputFileListPaths = (
			);
			outputPaths = (
				"$(DERIVED_FILE_DIR)/Pods-Hinger for jobsTests-checkManifestLockResult.txt",
			);
			runOnlyForDeploymentPostprocessing = 0;
			shellPath = /bin/sh;
			shellScript = "diff \"${PODS_PODFILE_DIR_PATH}/Podfile.lock\" \"${PODS_ROOT}/Manifest.lock\" > /dev/null\nif [ $? != 0 ] ; then\n    # print error to STDERR\n    echo \"error: The sandbox is not in sync with the Podfile.lock. Run 'pod install' or update your CocoaPods installation.\" >&2\n    exit 1\nfi\n# This output is used by Xcode 'outputs' to avoid re-running this script phase.\necho \"SUCCESS\" > \"${SCRIPT_OUTPUT_FILE_0}\"\n";
			showEnvVarsInLog = 0;
		};
		EA069BA79B3034CAF2DE8F52 /* [CP] Check Pods Manifest.lock */ = {
			isa = PBXShellScriptBuildPhase;
			buildActionMask = 2147483647;
			files = (
			);
			inputFileListPaths = (
			);
			inputPaths = (
				"${PODS_PODFILE_DIR_PATH}/Podfile.lock",
				"${PODS_ROOT}/Manifest.lock",
			);
			name = "[CP] Check Pods Manifest.lock";
			outputFileListPaths = (
			);
			outputPaths = (
				"$(DERIVED_FILE_DIR)/Pods-Hinger for jobs-checkManifestLockResult.txt",
			);
			runOnlyForDeploymentPostprocessing = 0;
			shellPath = /bin/sh;
			shellScript = "diff \"${PODS_PODFILE_DIR_PATH}/Podfile.lock\" \"${PODS_ROOT}/Manifest.lock\" > /dev/null\nif [ $? != 0 ] ; then\n    # print error to STDERR\n    echo \"error: The sandbox is not in sync with the Podfile.lock. Run 'pod install' or update your CocoaPods installation.\" >&2\n    exit 1\nfi\n# This output is used by Xcode 'outputs' to avoid re-running this script phase.\necho \"SUCCESS\" > \"${SCRIPT_OUTPUT_FILE_0}\"\n";
			showEnvVarsInLog = 0;
		};
/* End PBXShellScriptBuildPhase section */

/* Begin PBXSourcesBuildPhase section */
		C491C4F4284A7422002B6718 /* Sources */ = {
			isa = PBXSourcesBuildPhase;
			buildActionMask = 2147483647;
			files = (
				C4DD4FB5284CF5B300011DB6 /* HomeEmployeeViewController.swift in Sources */,
				C4DD4FB3284CF5A600011DB6 /* HomeEmployerViewController.swift in Sources */,
				C4184C50284AF0C2009107BD /* LoginViewController.swift in Sources */,
				C4F1FFD9284A7CC300CB8D1D /* OnboardingSlide.swift in Sources */,
				C443E5A6284E51F800C4A35D /* SettingUpProfileForEmployeeViewController.swift in Sources */,
				C4184C98284C0151009107BD /* Utilities.swift in Sources */,
				C491C4FC284A7422002B6718 /* AppDelegate.swift in Sources */,
				C491C4FE284A7422002B6718 /* SceneDelegate.swift in Sources */,
				C4184C5C284BCB4F009107BD /* SignUpViewController.swift in Sources */,
				C4184C55284BB6E2009107BD /* SignInViewController.swift in Sources */,
				C491C533284A7AFD002B6718 /* UIView+Extension.swift in Sources */,
				C443E5A4284E51DB00C4A35D /* SettingUpProfileForEmployerViewController.swift in Sources */,
				C41467DF284FB5E600772E66 /* Coordinator.swift in Sources */,
				C4184C59284BC26E009107BD /* CreatingAnAccountViewController.swift in Sources */,
				C4874812284F963A00878610 /* Data.swift in Sources */,
				C491C530284A74F5002B6718 /* OnboardingViewController.swift in Sources */,
				C443E59B284D16F500C4A35D /* UserInfo.swift in Sources */,
				C4F1FFDB284A7F3100CB8D1D /* OnboardingCollectionViewCell.swift in Sources */,
			);
			runOnlyForDeploymentPostprocessing = 0;
		};
		C491C50A284A7426002B6718 /* Sources */ = {
			isa = PBXSourcesBuildPhase;
			buildActionMask = 2147483647;
			files = (
				C491C513284A7426002B6718 /* Hinger_for_jobsTests.swift in Sources */,
			);
			runOnlyForDeploymentPostprocessing = 0;
		};
		C491C514284A7426002B6718 /* Sources */ = {
			isa = PBXSourcesBuildPhase;
			buildActionMask = 2147483647;
			files = (
				C491C51D284A7426002B6718 /* Hinger_for_jobsUITests.swift in Sources */,
				C491C51F284A7426002B6718 /* Hinger_for_jobsUITestsLaunchTests.swift in Sources */,
			);
			runOnlyForDeploymentPostprocessing = 0;
		};
/* End PBXSourcesBuildPhase section */

/* Begin PBXTargetDependency section */
		C491C510284A7426002B6718 /* PBXTargetDependency */ = {
			isa = PBXTargetDependency;
			target = C491C4F7284A7422002B6718 /* Hinger for jobs */;
			targetProxy = C491C50F284A7426002B6718 /* PBXContainerItemProxy */;
		};
		C491C51A284A7426002B6718 /* PBXTargetDependency */ = {
			isa = PBXTargetDependency;
			target = C491C4F7284A7422002B6718 /* Hinger for jobs */;
			targetProxy = C491C519284A7426002B6718 /* PBXContainerItemProxy */;
		};
/* End PBXTargetDependency section */

/* Begin PBXVariantGroup section */
		C491C501284A7422002B6718 /* Main.storyboard */ = {
			isa = PBXVariantGroup;
			children = (
				C491C502284A7422002B6718 /* Base */,
			);
			name = Main.storyboard;
			sourceTree = "<group>";
		};
		C491C506284A7425002B6718 /* LaunchScreen.storyboard */ = {
			isa = PBXVariantGroup;
			children = (
				C491C507284A7425002B6718 /* Base */,
			);
			name = LaunchScreen.storyboard;
			sourceTree = "<group>";
		};
/* End PBXVariantGroup section */

/* Begin XCBuildConfiguration section */
		C491C520284A7426002B6718 /* Debug */ = {
			isa = XCBuildConfiguration;
			buildSettings = {
				ALWAYS_SEARCH_USER_PATHS = NO;
				CLANG_ANALYZER_NONNULL = YES;
				CLANG_ANALYZER_NUMBER_OBJECT_CONVERSION = YES_AGGRESSIVE;
				CLANG_CXX_LANGUAGE_STANDARD = "gnu++17";
				CLANG_ENABLE_MODULES = YES;
				CLANG_ENABLE_OBJC_ARC = YES;
				CLANG_ENABLE_OBJC_WEAK = YES;
				CLANG_WARN_BLOCK_CAPTURE_AUTORELEASING = YES;
				CLANG_WARN_BOOL_CONVERSION = YES;
				CLANG_WARN_COMMA = YES;
				CLANG_WARN_CONSTANT_CONVERSION = YES;
				CLANG_WARN_DEPRECATED_OBJC_IMPLEMENTATIONS = YES;
				CLANG_WARN_DIRECT_OBJC_ISA_USAGE = YES_ERROR;
				CLANG_WARN_DOCUMENTATION_COMMENTS = YES;
				CLANG_WARN_EMPTY_BODY = YES;
				CLANG_WARN_ENUM_CONVERSION = YES;
				CLANG_WARN_INFINITE_RECURSION = YES;
				CLANG_WARN_INT_CONVERSION = YES;
				CLANG_WARN_NON_LITERAL_NULL_CONVERSION = YES;
				CLANG_WARN_OBJC_IMPLICIT_RETAIN_SELF = YES;
				CLANG_WARN_OBJC_LITERAL_CONVERSION = YES;
				CLANG_WARN_OBJC_ROOT_CLASS = YES_ERROR;
				CLANG_WARN_QUOTED_INCLUDE_IN_FRAMEWORK_HEADER = YES;
				CLANG_WARN_RANGE_LOOP_ANALYSIS = YES;
				CLANG_WARN_STRICT_PROTOTYPES = YES;
				CLANG_WARN_SUSPICIOUS_MOVE = YES;
				CLANG_WARN_UNGUARDED_AVAILABILITY = YES_AGGRESSIVE;
				CLANG_WARN_UNREACHABLE_CODE = YES;
				CLANG_WARN__DUPLICATE_METHOD_MATCH = YES;
				COPY_PHASE_STRIP = NO;
				DEBUG_INFORMATION_FORMAT = dwarf;
				ENABLE_STRICT_OBJC_MSGSEND = YES;
				ENABLE_TESTABILITY = YES;
				GCC_C_LANGUAGE_STANDARD = gnu11;
				GCC_DYNAMIC_NO_PIC = NO;
				GCC_NO_COMMON_BLOCKS = YES;
				GCC_OPTIMIZATION_LEVEL = 0;
				GCC_PREPROCESSOR_DEFINITIONS = (
					"DEBUG=1",
					"$(inherited)",
				);
				GCC_WARN_64_TO_32_BIT_CONVERSION = YES;
				GCC_WARN_ABOUT_RETURN_TYPE = YES_ERROR;
				GCC_WARN_UNDECLARED_SELECTOR = YES;
				GCC_WARN_UNINITIALIZED_AUTOS = YES_AGGRESSIVE;
				GCC_WARN_UNUSED_FUNCTION = YES;
				GCC_WARN_UNUSED_VARIABLE = YES;
				IPHONEOS_DEPLOYMENT_TARGET = 14.0;
				MTL_ENABLE_DEBUG_INFO = INCLUDE_SOURCE;
				MTL_FAST_MATH = YES;
				ONLY_ACTIVE_ARCH = YES;
				OTHER_CODE_SIGN_FLAGS = "";
				SDKROOT = iphoneos;
				SWIFT_ACTIVE_COMPILATION_CONDITIONS = DEBUG;
				SWIFT_OPTIMIZATION_LEVEL = "-Onone";
			};
			name = Debug;
		};
		C491C521284A7426002B6718 /* Release */ = {
			isa = XCBuildConfiguration;
			buildSettings = {
				ALWAYS_SEARCH_USER_PATHS = NO;
				CLANG_ANALYZER_NONNULL = YES;
				CLANG_ANALYZER_NUMBER_OBJECT_CONVERSION = YES_AGGRESSIVE;
				CLANG_CXX_LANGUAGE_STANDARD = "gnu++17";
				CLANG_ENABLE_MODULES = YES;
				CLANG_ENABLE_OBJC_ARC = YES;
				CLANG_ENABLE_OBJC_WEAK = YES;
				CLANG_WARN_BLOCK_CAPTURE_AUTORELEASING = YES;
				CLANG_WARN_BOOL_CONVERSION = YES;
				CLANG_WARN_COMMA = YES;
				CLANG_WARN_CONSTANT_CONVERSION = YES;
				CLANG_WARN_DEPRECATED_OBJC_IMPLEMENTATIONS = YES;
				CLANG_WARN_DIRECT_OBJC_ISA_USAGE = YES_ERROR;
				CLANG_WARN_DOCUMENTATION_COMMENTS = YES;
				CLANG_WARN_EMPTY_BODY = YES;
				CLANG_WARN_ENUM_CONVERSION = YES;
				CLANG_WARN_INFINITE_RECURSION = YES;
				CLANG_WARN_INT_CONVERSION = YES;
				CLANG_WARN_NON_LITERAL_NULL_CONVERSION = YES;
				CLANG_WARN_OBJC_IMPLICIT_RETAIN_SELF = YES;
				CLANG_WARN_OBJC_LITERAL_CONVERSION = YES;
				CLANG_WARN_OBJC_ROOT_CLASS = YES_ERROR;
				CLANG_WARN_QUOTED_INCLUDE_IN_FRAMEWORK_HEADER = YES;
				CLANG_WARN_RANGE_LOOP_ANALYSIS = YES;
				CLANG_WARN_STRICT_PROTOTYPES = YES;
				CLANG_WARN_SUSPICIOUS_MOVE = YES;
				CLANG_WARN_UNGUARDED_AVAILABILITY = YES_AGGRESSIVE;
				CLANG_WARN_UNREACHABLE_CODE = YES;
				CLANG_WARN__DUPLICATE_METHOD_MATCH = YES;
				COPY_PHASE_STRIP = NO;
				DEBUG_INFORMATION_FORMAT = "dwarf-with-dsym";
				ENABLE_NS_ASSERTIONS = NO;
				ENABLE_STRICT_OBJC_MSGSEND = YES;
				GCC_C_LANGUAGE_STANDARD = gnu11;
				GCC_NO_COMMON_BLOCKS = YES;
				GCC_WARN_64_TO_32_BIT_CONVERSION = YES;
				GCC_WARN_ABOUT_RETURN_TYPE = YES_ERROR;
				GCC_WARN_UNDECLARED_SELECTOR = YES;
				GCC_WARN_UNINITIALIZED_AUTOS = YES_AGGRESSIVE;
				GCC_WARN_UNUSED_FUNCTION = YES;
				GCC_WARN_UNUSED_VARIABLE = YES;
				IPHONEOS_DEPLOYMENT_TARGET = 14.0;
				MTL_ENABLE_DEBUG_INFO = NO;
				MTL_FAST_MATH = YES;
				OTHER_CODE_SIGN_FLAGS = "";
				"OTHER_CODE_SIGN_FLAGS[sdk=*]" = "";
				SDKROOT = iphoneos;
				SWIFT_COMPILATION_MODE = wholemodule;
				SWIFT_OPTIMIZATION_LEVEL = "-O";
				VALIDATE_PRODUCT = YES;
			};
			name = Release;
		};
		C491C523284A7426002B6718 /* Debug */ = {
			isa = XCBuildConfiguration;
			baseConfigurationReference = 0B272F0E960D77A350AE6E40 /* Pods-Hinger for jobs.debug.xcconfig */;
			buildSettings = {
				ASSETCATALOG_COMPILER_APPICON_NAME = AppIcon;
				ASSETCATALOG_COMPILER_GLOBAL_ACCENT_COLOR_NAME = AccentColor;
				CODE_SIGN_IDENTITY = "iPhone Developer";
				CODE_SIGN_STYLE = Automatic;
				CURRENT_PROJECT_VERSION = 1;
				DEVELOPMENT_TEAM = JV36JY5XP5;
				GENERATE_INFOPLIST_FILE = YES;
				INFOPLIST_FILE = "Hinger for jobs/Info.plist";
				INFOPLIST_KEY_UIApplicationSupportsIndirectInputEvents = YES;
				INFOPLIST_KEY_UILaunchStoryboardName = LaunchScreen;
				INFOPLIST_KEY_UIMainStoryboardFile = Main;
				INFOPLIST_KEY_UISupportedInterfaceOrientations_iPad = "UIInterfaceOrientationPortrait UIInterfaceOrientationPortraitUpsideDown UIInterfaceOrientationLandscapeLeft UIInterfaceOrientationLandscapeRight";
				INFOPLIST_KEY_UISupportedInterfaceOrientations_iPhone = "UIInterfaceOrientationPortrait UIInterfaceOrientationLandscapeLeft UIInterfaceOrientationLandscapeRight";
				IPHONEOS_DEPLOYMENT_TARGET = 14.0;
				LD_RUNPATH_SEARCH_PATHS = (
					"$(inherited)",
					"@executable_path/Frameworks",
				);
				MARKETING_VERSION = 1.0;
				"OTHER_CODE_SIGN_FLAGS[sdk=*]" = "--generate-entitlement-der";
				PRODUCT_BUNDLE_IDENTIFIER = "onewho.Hinger-for-jobs";
				PRODUCT_NAME = "$(TARGET_NAME)";
				SWIFT_EMIT_LOC_STRINGS = YES;
				SWIFT_VERSION = 5.0;
				TARGETED_DEVICE_FAMILY = "1,2";
				VALID_ARCHS = "$(ARCHS_STANDARD)";
			};
			name = Debug;
		};
		C491C524284A7426002B6718 /* Release */ = {
			isa = XCBuildConfiguration;
			baseConfigurationReference = 97772A38CC1144FFE949751B /* Pods-Hinger for jobs.release.xcconfig */;
			buildSettings = {
				ASSETCATALOG_COMPILER_APPICON_NAME = AppIcon;
				ASSETCATALOG_COMPILER_GLOBAL_ACCENT_COLOR_NAME = AccentColor;
				CODE_SIGN_IDENTITY = "iPhone Developer";
				CODE_SIGN_STYLE = Automatic;
				CURRENT_PROJECT_VERSION = 1;
				DEVELOPMENT_TEAM = JV36JY5XP5;
				GENERATE_INFOPLIST_FILE = YES;
				INFOPLIST_FILE = "Hinger for jobs/Info.plist";
				INFOPLIST_KEY_UIApplicationSupportsIndirectInputEvents = YES;
				INFOPLIST_KEY_UILaunchStoryboardName = LaunchScreen;
				INFOPLIST_KEY_UIMainStoryboardFile = Main;
				INFOPLIST_KEY_UISupportedInterfaceOrientations_iPad = "UIInterfaceOrientationPortrait UIInterfaceOrientationPortraitUpsideDown UIInterfaceOrientationLandscapeLeft UIInterfaceOrientationLandscapeRight";
				INFOPLIST_KEY_UISupportedInterfaceOrientations_iPhone = "UIInterfaceOrientationPortrait UIInterfaceOrientationLandscapeLeft UIInterfaceOrientationLandscapeRight";
				IPHONEOS_DEPLOYMENT_TARGET = 14.0;
				LD_RUNPATH_SEARCH_PATHS = (
					"$(inherited)",
					"@executable_path/Frameworks",
				);
				MARKETING_VERSION = 1.0;
				"OTHER_CODE_SIGN_FLAGS[sdk=*]" = "--generate-entitlement-der";
				PRODUCT_BUNDLE_IDENTIFIER = "onewho.Hinger-for-jobs";
				PRODUCT_NAME = "$(TARGET_NAME)";
				PROVISIONING_PROFILE_SPECIFIER = "";
				SWIFT_EMIT_LOC_STRINGS = YES;
				SWIFT_VERSION = 5.0;
				TARGETED_DEVICE_FAMILY = "1,2";
				VALID_ARCHS = "$(ARCHS_STANDARD)";
			};
			name = Release;
		};
		C491C526284A7426002B6718 /* Debug */ = {
			isa = XCBuildConfiguration;
			baseConfigurationReference = ABA23F3006F72852B0CEBA2D /* Pods-Hinger for jobsTests.debug.xcconfig */;
			buildSettings = {
				ALWAYS_EMBED_SWIFT_STANDARD_LIBRARIES = YES;
				BUNDLE_LOADER = "$(TEST_HOST)";
				CODE_SIGN_STYLE = Automatic;
				CURRENT_PROJECT_VERSION = 1;
				GENERATE_INFOPLIST_FILE = YES;
				IPHONEOS_DEPLOYMENT_TARGET = 15.5;
				MARKETING_VERSION = 1.0;
				PRODUCT_BUNDLE_IDENTIFIER = "onewho.Hinger-for-jobsTests";
				PRODUCT_NAME = "$(TARGET_NAME)";
				SWIFT_EMIT_LOC_STRINGS = NO;
				SWIFT_VERSION = 5.0;
				TARGETED_DEVICE_FAMILY = "1,2";
				TEST_HOST = "$(BUILT_PRODUCTS_DIR)/Hinger for jobs.app/Hinger for jobs";
			};
			name = Debug;
		};
		C491C527284A7426002B6718 /* Release */ = {
			isa = XCBuildConfiguration;
			baseConfigurationReference = 2F7B71F7C7A65F6E2418010C /* Pods-Hinger for jobsTests.release.xcconfig */;
			buildSettings = {
				ALWAYS_EMBED_SWIFT_STANDARD_LIBRARIES = YES;
				BUNDLE_LOADER = "$(TEST_HOST)";
				CODE_SIGN_STYLE = Automatic;
				CURRENT_PROJECT_VERSION = 1;
				GENERATE_INFOPLIST_FILE = YES;
				IPHONEOS_DEPLOYMENT_TARGET = 15.5;
				MARKETING_VERSION = 1.0;
				PRODUCT_BUNDLE_IDENTIFIER = "onewho.Hinger-for-jobsTests";
				PRODUCT_NAME = "$(TARGET_NAME)";
				SWIFT_EMIT_LOC_STRINGS = NO;
				SWIFT_VERSION = 5.0;
				TARGETED_DEVICE_FAMILY = "1,2";
				TEST_HOST = "$(BUILT_PRODUCTS_DIR)/Hinger for jobs.app/Hinger for jobs";
			};
			name = Release;
		};
		C491C529284A7426002B6718 /* Debug */ = {
			isa = XCBuildConfiguration;
			baseConfigurationReference = 5DC424E7BE579F2CF379ADAB /* Pods-Hinger for jobs-Hinger for jobsUITests.debug.xcconfig */;
			buildSettings = {
				ALWAYS_EMBED_SWIFT_STANDARD_LIBRARIES = YES;
				CODE_SIGN_STYLE = Automatic;
				CURRENT_PROJECT_VERSION = 1;
				GENERATE_INFOPLIST_FILE = YES;
				MARKETING_VERSION = 1.0;
				PRODUCT_BUNDLE_IDENTIFIER = "onewho.Hinger-for-jobsUITests";
				PRODUCT_NAME = "$(TARGET_NAME)";
				SWIFT_EMIT_LOC_STRINGS = NO;
				SWIFT_VERSION = 5.0;
				TARGETED_DEVICE_FAMILY = "1,2";
				TEST_TARGET_NAME = "Hinger for jobs";
			};
			name = Debug;
		};
		C491C52A284A7426002B6718 /* Release */ = {
			isa = XCBuildConfiguration;
			baseConfigurationReference = 0BBF501FE3F5FA71CE5CB92D /* Pods-Hinger for jobs-Hinger for jobsUITests.release.xcconfig */;
			buildSettings = {
				ALWAYS_EMBED_SWIFT_STANDARD_LIBRARIES = YES;
				CODE_SIGN_STYLE = Automatic;
				CURRENT_PROJECT_VERSION = 1;
				GENERATE_INFOPLIST_FILE = YES;
				MARKETING_VERSION = 1.0;
				PRODUCT_BUNDLE_IDENTIFIER = "onewho.Hinger-for-jobsUITests";
				PRODUCT_NAME = "$(TARGET_NAME)";
				SWIFT_EMIT_LOC_STRINGS = NO;
				SWIFT_VERSION = 5.0;
				TARGETED_DEVICE_FAMILY = "1,2";
				TEST_TARGET_NAME = "Hinger for jobs";
			};
			name = Release;
		};
/* End XCBuildConfiguration section */

/* Begin XCConfigurationList section */
		C491C4F3284A7422002B6718 /* Build configuration list for PBXProject "Hinger for jobs" */ = {
			isa = XCConfigurationList;
			buildConfigurations = (
				C491C520284A7426002B6718 /* Debug */,
				C491C521284A7426002B6718 /* Release */,
			);
			defaultConfigurationIsVisible = 0;
			defaultConfigurationName = Release;
		};
		C491C522284A7426002B6718 /* Build configuration list for PBXNativeTarget "Hinger for jobs" */ = {
			isa = XCConfigurationList;
			buildConfigurations = (
				C491C523284A7426002B6718 /* Debug */,
				C491C524284A7426002B6718 /* Release */,
			);
			defaultConfigurationIsVisible = 0;
			defaultConfigurationName = Release;
		};
		C491C525284A7426002B6718 /* Build configuration list for PBXNativeTarget "Hinger for jobsTests" */ = {
			isa = XCConfigurationList;
			buildConfigurations = (
				C491C526284A7426002B6718 /* Debug */,
				C491C527284A7426002B6718 /* Release */,
			);
			defaultConfigurationIsVisible = 0;
			defaultConfigurationName = Release;
		};
		C491C528284A7426002B6718 /* Build configuration list for PBXNativeTarget "Hinger for jobsUITests" */ = {
			isa = XCConfigurationList;
			buildConfigurations = (
				C491C529284A7426002B6718 /* Debug */,
				C491C52A284A7426002B6718 /* Release */,
			);
			defaultConfigurationIsVisible = 0;
			defaultConfigurationName = Release;
		};
/* End XCConfigurationList section */

/* Begin XCRemoteSwiftPackageReference section */
		C4184C5F284BE1F6009107BD /* XCRemoteSwiftPackageReference "firebase-ios-sdk" */ = {
			isa = XCRemoteSwiftPackageReference;
			repositoryURL = "https://github.com/firebase/firebase-ios-sdk";
			requirement = {
				kind = upToNextMajorVersion;
				minimumVersion = 9.0.0;
			};
		};
/* End XCRemoteSwiftPackageReference section */
	};
	rootObject = C491C4F0284A7422002B6718 /* Project object */;
}
