// !$*UTF8*$!
{
	archiveVersion = 1;
	classes = {
	};
	objectVersion = 55;
	objects = {

/* Begin PBXBuildFile section */
		2EAF475AB737661F4F91A685 /* Pods_StartChain.framework in Frameworks */ = {isa = PBXBuildFile; fileRef = 3D272C4F257885A2906D395F /* Pods_StartChain.framework */; };
		C40C3A312863783E0060AD49 /* SearchPreferencesViewController.swift in Sources */ = {isa = PBXBuildFile; fileRef = C40C3A302863783D0060AD49 /* SearchPreferencesViewController.swift */; };
		C40C3A342863876B0060AD49 /* EditCollectionViewCell.swift in Sources */ = {isa = PBXBuildFile; fileRef = C40C3A322863876B0060AD49 /* EditCollectionViewCell.swift */; };
		C40C3A352863876B0060AD49 /* EditCollectionViewCell.xib in Resources */ = {isa = PBXBuildFile; fileRef = C40C3A332863876B0060AD49 /* EditCollectionViewCell.xib */; };
		C40C3A382863877C0060AD49 /* ViewCollectionViewCell.swift in Sources */ = {isa = PBXBuildFile; fileRef = C40C3A362863877C0060AD49 /* ViewCollectionViewCell.swift */; };
		C40C3A392863877C0060AD49 /* ViewCollectionViewCell.xib in Resources */ = {isa = PBXBuildFile; fileRef = C40C3A372863877C0060AD49 /* ViewCollectionViewCell.xib */; };
		C40C3A3B286389780060AD49 /* EditCollectionViewController.swift in Sources */ = {isa = PBXBuildFile; fileRef = C40C3A3A286389780060AD49 /* EditCollectionViewController.swift */; };
		C41467DF284FB5E600772E66 /* Coordinator.swift in Sources */ = {isa = PBXBuildFile; fileRef = C41467DE284FB5E600772E66 /* Coordinator.swift */; };
		C41467E12850D85F00772E66 /* Account.swift in Sources */ = {isa = PBXBuildFile; fileRef = C41467E02850D85E00772E66 /* Account.swift */; };
		C41467E32851482900772E66 /* Assets.xcassets in Resources */ = {isa = PBXBuildFile; fileRef = C41467E22851482900772E66 /* Assets.xcassets */; };
		C41467E52851484600772E66 /* Assets.xcassets in Resources */ = {isa = PBXBuildFile; fileRef = C41467E42851484600772E66 /* Assets.xcassets */; };
		C4184C50284AF0C2009107BD /* LoginViewController.swift in Sources */ = {isa = PBXBuildFile; fileRef = C4184C4F284AF0C2009107BD /* LoginViewController.swift */; };
		C4184C55284BB6E2009107BD /* SignInViewController.swift in Sources */ = {isa = PBXBuildFile; fileRef = C4184C54284BB6E2009107BD /* SignInViewController.swift */; };
		C4184C59284BC26E009107BD /* CreatingAnAccountViewController.swift in Sources */ = {isa = PBXBuildFile; fileRef = C4184C58284BC26E009107BD /* CreatingAnAccountViewController.swift */; };
		C4184C5C284BCB4F009107BD /* SignUpViewController.swift in Sources */ = {isa = PBXBuildFile; fileRef = C4184C5B284BCB4F009107BD /* SignUpViewController.swift */; };
		C4184C98284C0151009107BD /* Utilities.swift in Sources */ = {isa = PBXBuildFile; fileRef = C4184C97284C0150009107BD /* Utilities.swift */; };
		C443E59B284D16F500C4A35D /* UserInfo.swift in Sources */ = {isa = PBXBuildFile; fileRef = C443E59A284D16F500C4A35D /* UserInfo.swift */; };
		C443E5A4284E51DB00C4A35D /* UsernameViewController.swift in Sources */ = {isa = PBXBuildFile; fileRef = C443E5A3284E51DB00C4A35D /* UsernameViewController.swift */; };
		C443E5A6284E51F800C4A35D /* SettingUpProfileForEmployeeViewController.swift in Sources */ = {isa = PBXBuildFile; fileRef = C443E5A5284E51F800C4A35D /* SettingUpProfileForEmployeeViewController.swift */; };
		C447033E2864B3BB00935749 /* Message.storyboard in Resources */ = {isa = PBXBuildFile; fileRef = C447033D2864B3BB00935749 /* Message.storyboard */; };
		C454AC8A285CD2EB00CC0055 /* Home.storyboard in Resources */ = {isa = PBXBuildFile; fileRef = C454AC89285CD2EB00CC0055 /* Home.storyboard */; };
		C4801D502858150800989149 /* SettingUpProfile.storyboard in Resources */ = {isa = PBXBuildFile; fileRef = C4801D4F2858150800989149 /* SettingUpProfile.storyboard */; };
		C4801D522858B80600989149 /* NameViewController.swift in Sources */ = {isa = PBXBuildFile; fileRef = C4801D512858B80600989149 /* NameViewController.swift */; };
		C4801D542858B8D700989149 /* AgeViewController.swift in Sources */ = {isa = PBXBuildFile; fileRef = C4801D532858B8D700989149 /* AgeViewController.swift */; };
		C4801D572858C08100989149 /* InterestViewController.swift in Sources */ = {isa = PBXBuildFile; fileRef = C4801D562858C08100989149 /* InterestViewController.swift */; };
		C4801D5A285905CB00989149 /* SkillsViewController.swift in Sources */ = {isa = PBXBuildFile; fileRef = C4801D59285905CA00989149 /* SkillsViewController.swift */; };
		C4801D5D28595C1500989149 /* TTGTags in Frameworks */ = {isa = PBXBuildFile; productRef = C4801D5C28595C1500989149 /* TTGTags */; };
		C484546C285FD25F006BA467 /* SearchFeed.storyboard in Resources */ = {isa = PBXBuildFile; fileRef = C484546B285FD25F006BA467 /* SearchFeed.storyboard */; };
		C4845470285FDCA6006BA467 /* Profile.storyboard in Resources */ = {isa = PBXBuildFile; fileRef = C484546F285FDCA6006BA467 /* Profile.storyboard */; };
		C4845473285FDDB3006BA467 /* TestProfileViewController.swift in Sources */ = {isa = PBXBuildFile; fileRef = C4845472285FDDB3006BA467 /* TestProfileViewController.swift */; };
		C4874812284F963A00878610 /* Data.swift in Sources */ = {isa = PBXBuildFile; fileRef = C4874811284F963A00878610 /* Data.swift */; };
		C491C4FC284A7422002B6718 /* AppDelegate.swift in Sources */ = {isa = PBXBuildFile; fileRef = C491C4FB284A7422002B6718 /* AppDelegate.swift */; };
		C491C4FE284A7422002B6718 /* SceneDelegate.swift in Sources */ = {isa = PBXBuildFile; fileRef = C491C4FD284A7422002B6718 /* SceneDelegate.swift */; };
		C491C503284A7422002B6718 /* Main.storyboard in Resources */ = {isa = PBXBuildFile; fileRef = C491C501284A7422002B6718 /* Main.storyboard */; };
		C491C508284A7425002B6718 /* LaunchScreen.storyboard in Resources */ = {isa = PBXBuildFile; fileRef = C491C506284A7425002B6718 /* LaunchScreen.storyboard */; };
		C491C530284A74F5002B6718 /* OnboardingViewController.swift in Sources */ = {isa = PBXBuildFile; fileRef = C491C52F284A74F5002B6718 /* OnboardingViewController.swift */; };
		C491C533284A7AFD002B6718 /* UIView+Extension.swift in Sources */ = {isa = PBXBuildFile; fileRef = C491C532284A7AFD002B6718 /* UIView+Extension.swift */; };
		C4B1D3EA285795C800EF6F63 /* GoogleService-Info.plist in Resources */ = {isa = PBXBuildFile; fileRef = C4B1D3E9285795C800EF6F63 /* GoogleService-Info.plist */; };
		C4DD4FB3284CF5A600011DB6 /* HomeEmployerViewController.swift in Sources */ = {isa = PBXBuildFile; fileRef = C4DD4FB2284CF5A600011DB6 /* HomeEmployerViewController.swift */; };
		C4DD4FB5284CF5B300011DB6 /* HomeEmployeeViewController.swift in Sources */ = {isa = PBXBuildFile; fileRef = C4DD4FB4284CF5B300011DB6 /* HomeEmployeeViewController.swift */; };
		C4F1FFD9284A7CC300CB8D1D /* OnboardingSlide.swift in Sources */ = {isa = PBXBuildFile; fileRef = C4F1FFD8284A7CC300CB8D1D /* OnboardingSlide.swift */; };
		C4F1FFDB284A7F3100CB8D1D /* OnboardingCollectionViewCell.swift in Sources */ = {isa = PBXBuildFile; fileRef = C4F1FFDA284A7F3100CB8D1D /* OnboardingCollectionViewCell.swift */; };
		C4F4B3552861FC5F007A9ED5 /* ProfileViewController.swift in Sources */ = {isa = PBXBuildFile; fileRef = C4F4B3542861FC5F007A9ED5 /* ProfileViewController.swift */; };
		C4F4B358286207EB007A9ED5 /* HeaderTableViewCell.swift in Sources */ = {isa = PBXBuildFile; fileRef = C4F4B356286207EB007A9ED5 /* HeaderTableViewCell.swift */; };
		C4F4B359286207EB007A9ED5 /* HeaderTableViewCell.xib in Resources */ = {isa = PBXBuildFile; fileRef = C4F4B357286207EB007A9ED5 /* HeaderTableViewCell.xib */; };
		C4F4B35F286242F8007A9ED5 /* SearchPreferences.storyboard in Resources */ = {isa = PBXBuildFile; fileRef = C4F4B35E286242F8007A9ED5 /* SearchPreferences.storyboard */; };
		C4F4B36128624447007A9ED5 /* EditProfile.storyboard in Resources */ = {isa = PBXBuildFile; fileRef = C4F4B36028624447007A9ED5 /* EditProfile.storyboard */; };
		C4F4B36328624898007A9ED5 /* Settings.storyboard in Resources */ = {isa = PBXBuildFile; fileRef = C4F4B36228624898007A9ED5 /* Settings.storyboard */; };
/* End PBXBuildFile section */

/* Begin PBXFileReference section */
		3D272C4F257885A2906D395F /* Pods_StartChain.framework */ = {isa = PBXFileReference; explicitFileType = wrapper.framework; includeInIndex = 0; path = Pods_StartChain.framework; sourceTree = BUILT_PRODUCTS_DIR; };
		7D96E015A8D2AA180BCCCE73 /* Pods-StartChain.debug.xcconfig */ = {isa = PBXFileReference; includeInIndex = 1; lastKnownFileType = text.xcconfig; name = "Pods-StartChain.debug.xcconfig"; path = "Target Support Files/Pods-StartChain/Pods-StartChain.debug.xcconfig"; sourceTree = "<group>"; };
		C40C3A302863783D0060AD49 /* SearchPreferencesViewController.swift */ = {isa = PBXFileReference; lastKnownFileType = sourcecode.swift; path = SearchPreferencesViewController.swift; sourceTree = "<group>"; };
		C40C3A322863876B0060AD49 /* EditCollectionViewCell.swift */ = {isa = PBXFileReference; lastKnownFileType = sourcecode.swift; path = EditCollectionViewCell.swift; sourceTree = "<group>"; };
		C40C3A332863876B0060AD49 /* EditCollectionViewCell.xib */ = {isa = PBXFileReference; lastKnownFileType = file.xib; path = EditCollectionViewCell.xib; sourceTree = "<group>"; };
		C40C3A362863877C0060AD49 /* ViewCollectionViewCell.swift */ = {isa = PBXFileReference; lastKnownFileType = sourcecode.swift; path = ViewCollectionViewCell.swift; sourceTree = "<group>"; };
		C40C3A372863877C0060AD49 /* ViewCollectionViewCell.xib */ = {isa = PBXFileReference; lastKnownFileType = file.xib; path = ViewCollectionViewCell.xib; sourceTree = "<group>"; };
		C40C3A3A286389780060AD49 /* EditCollectionViewController.swift */ = {isa = PBXFileReference; lastKnownFileType = sourcecode.swift; path = EditCollectionViewController.swift; sourceTree = "<group>"; };
		C41467DE284FB5E600772E66 /* Coordinator.swift */ = {isa = PBXFileReference; lastKnownFileType = sourcecode.swift; path = Coordinator.swift; sourceTree = "<group>"; };
		C41467E02850D85E00772E66 /* Account.swift */ = {isa = PBXFileReference; lastKnownFileType = sourcecode.swift; path = Account.swift; sourceTree = "<group>"; };
		C41467E22851482900772E66 /* Assets.xcassets */ = {isa = PBXFileReference; lastKnownFileType = folder.assetcatalog; path = Assets.xcassets; sourceTree = "<group>"; };
		C41467E42851484600772E66 /* Assets.xcassets */ = {isa = PBXFileReference; lastKnownFileType = folder.assetcatalog; path = Assets.xcassets; sourceTree = "<group>"; };
		C4184C4F284AF0C2009107BD /* LoginViewController.swift */ = {isa = PBXFileReference; lastKnownFileType = sourcecode.swift; path = LoginViewController.swift; sourceTree = "<group>"; };
		C4184C54284BB6E2009107BD /* SignInViewController.swift */ = {isa = PBXFileReference; lastKnownFileType = sourcecode.swift; path = SignInViewController.swift; sourceTree = "<group>"; };
		C4184C58284BC26E009107BD /* CreatingAnAccountViewController.swift */ = {isa = PBXFileReference; lastKnownFileType = sourcecode.swift; path = CreatingAnAccountViewController.swift; sourceTree = "<group>"; };
		C4184C5B284BCB4F009107BD /* SignUpViewController.swift */ = {isa = PBXFileReference; lastKnownFileType = sourcecode.swift; path = SignUpViewController.swift; sourceTree = "<group>"; };
		C4184C97284C0150009107BD /* Utilities.swift */ = {isa = PBXFileReference; lastKnownFileType = sourcecode.swift; path = Utilities.swift; sourceTree = "<group>"; };
		C443E59A284D16F500C4A35D /* UserInfo.swift */ = {isa = PBXFileReference; lastKnownFileType = sourcecode.swift; path = UserInfo.swift; sourceTree = "<group>"; };
		C443E5A3284E51DB00C4A35D /* UsernameViewController.swift */ = {isa = PBXFileReference; lastKnownFileType = sourcecode.swift; path = UsernameViewController.swift; sourceTree = "<group>"; };
		C443E5A5284E51F800C4A35D /* SettingUpProfileForEmployeeViewController.swift */ = {isa = PBXFileReference; lastKnownFileType = sourcecode.swift; path = SettingUpProfileForEmployeeViewController.swift; sourceTree = "<group>"; };
		C447033D2864B3BB00935749 /* Message.storyboard */ = {isa = PBXFileReference; lastKnownFileType = file.storyboard; path = Message.storyboard; sourceTree = "<group>"; };
		C454AC89285CD2EB00CC0055 /* Home.storyboard */ = {isa = PBXFileReference; lastKnownFileType = file.storyboard; path = Home.storyboard; sourceTree = "<group>"; };
		C4801D4F2858150800989149 /* SettingUpProfile.storyboard */ = {isa = PBXFileReference; lastKnownFileType = file.storyboard; path = SettingUpProfile.storyboard; sourceTree = "<group>"; };
		C4801D512858B80600989149 /* NameViewController.swift */ = {isa = PBXFileReference; lastKnownFileType = sourcecode.swift; path = NameViewController.swift; sourceTree = "<group>"; };
		C4801D532858B8D700989149 /* AgeViewController.swift */ = {isa = PBXFileReference; lastKnownFileType = sourcecode.swift; path = AgeViewController.swift; sourceTree = "<group>"; };
		C4801D562858C08100989149 /* InterestViewController.swift */ = {isa = PBXFileReference; lastKnownFileType = sourcecode.swift; path = InterestViewController.swift; sourceTree = "<group>"; };
		C4801D59285905CA00989149 /* SkillsViewController.swift */ = {isa = PBXFileReference; lastKnownFileType = sourcecode.swift; path = SkillsViewController.swift; sourceTree = "<group>"; };
		C484546B285FD25F006BA467 /* SearchFeed.storyboard */ = {isa = PBXFileReference; lastKnownFileType = file.storyboard; path = SearchFeed.storyboard; sourceTree = "<group>"; };
		C484546F285FDCA6006BA467 /* Profile.storyboard */ = {isa = PBXFileReference; lastKnownFileType = file.storyboard; path = Profile.storyboard; sourceTree = "<group>"; };
		C4845472285FDDB3006BA467 /* TestProfileViewController.swift */ = {isa = PBXFileReference; lastKnownFileType = sourcecode.swift; path = TestProfileViewController.swift; sourceTree = "<group>"; };
		C4874811284F963A00878610 /* Data.swift */ = {isa = PBXFileReference; lastKnownFileType = sourcecode.swift; path = Data.swift; sourceTree = "<group>"; };
		C491C4F8284A7422002B6718 /* StartChain.app */ = {isa = PBXFileReference; explicitFileType = wrapper.application; includeInIndex = 0; path = StartChain.app; sourceTree = BUILT_PRODUCTS_DIR; };
		C491C4FB284A7422002B6718 /* AppDelegate.swift */ = {isa = PBXFileReference; lastKnownFileType = sourcecode.swift; path = AppDelegate.swift; sourceTree = "<group>"; };
		C491C4FD284A7422002B6718 /* SceneDelegate.swift */ = {isa = PBXFileReference; lastKnownFileType = sourcecode.swift; path = SceneDelegate.swift; sourceTree = "<group>"; };
		C491C502284A7422002B6718 /* Base */ = {isa = PBXFileReference; lastKnownFileType = file.storyboard; name = Base; path = Base.lproj/Main.storyboard; sourceTree = "<group>"; };
		C491C507284A7425002B6718 /* Base */ = {isa = PBXFileReference; lastKnownFileType = file.storyboard; name = Base; path = Base.lproj/LaunchScreen.storyboard; sourceTree = "<group>"; };
		C491C509284A7425002B6718 /* Info.plist */ = {isa = PBXFileReference; lastKnownFileType = text.plist.xml; path = Info.plist; sourceTree = "<group>"; };
		C491C52F284A74F5002B6718 /* OnboardingViewController.swift */ = {isa = PBXFileReference; lastKnownFileType = sourcecode.swift; path = OnboardingViewController.swift; sourceTree = "<group>"; };
		C491C532284A7AFD002B6718 /* UIView+Extension.swift */ = {isa = PBXFileReference; lastKnownFileType = sourcecode.swift; path = "UIView+Extension.swift"; sourceTree = "<group>"; };
		C4B1D3E9285795C800EF6F63 /* GoogleService-Info.plist */ = {isa = PBXFileReference; fileEncoding = 4; lastKnownFileType = text.plist.xml; path = "GoogleService-Info.plist"; sourceTree = "<group>"; };
		C4DD4FB2284CF5A600011DB6 /* HomeEmployerViewController.swift */ = {isa = PBXFileReference; lastKnownFileType = sourcecode.swift; path = HomeEmployerViewController.swift; sourceTree = "<group>"; };
		C4DD4FB4284CF5B300011DB6 /* HomeEmployeeViewController.swift */ = {isa = PBXFileReference; lastKnownFileType = sourcecode.swift; path = HomeEmployeeViewController.swift; sourceTree = "<group>"; };
		C4F1FFD8284A7CC300CB8D1D /* OnboardingSlide.swift */ = {isa = PBXFileReference; lastKnownFileType = sourcecode.swift; path = OnboardingSlide.swift; sourceTree = "<group>"; };
		C4F1FFDA284A7F3100CB8D1D /* OnboardingCollectionViewCell.swift */ = {isa = PBXFileReference; lastKnownFileType = sourcecode.swift; path = OnboardingCollectionViewCell.swift; sourceTree = "<group>"; };
		C4F4B3542861FC5F007A9ED5 /* ProfileViewController.swift */ = {isa = PBXFileReference; lastKnownFileType = sourcecode.swift; path = ProfileViewController.swift; sourceTree = "<group>"; };
		C4F4B356286207EB007A9ED5 /* HeaderTableViewCell.swift */ = {isa = PBXFileReference; lastKnownFileType = sourcecode.swift; path = HeaderTableViewCell.swift; sourceTree = "<group>"; };
		C4F4B357286207EB007A9ED5 /* HeaderTableViewCell.xib */ = {isa = PBXFileReference; lastKnownFileType = file.xib; path = HeaderTableViewCell.xib; sourceTree = "<group>"; };
		C4F4B35E286242F8007A9ED5 /* SearchPreferences.storyboard */ = {isa = PBXFileReference; lastKnownFileType = file.storyboard; path = SearchPreferences.storyboard; sourceTree = "<group>"; };
		C4F4B36028624447007A9ED5 /* EditProfile.storyboard */ = {isa = PBXFileReference; lastKnownFileType = file.storyboard; path = EditProfile.storyboard; sourceTree = "<group>"; };
		C4F4B36228624898007A9ED5 /* Settings.storyboard */ = {isa = PBXFileReference; lastKnownFileType = file.storyboard; path = Settings.storyboard; sourceTree = "<group>"; };
		FF787C111B26AFADE0B6B091 /* Pods-StartChain.release.xcconfig */ = {isa = PBXFileReference; includeInIndex = 1; lastKnownFileType = text.xcconfig; name = "Pods-StartChain.release.xcconfig"; path = "Target Support Files/Pods-StartChain/Pods-StartChain.release.xcconfig"; sourceTree = "<group>"; };
/* End PBXFileReference section */

/* Begin PBXFrameworksBuildPhase section */
		C491C4F5284A7422002B6718 /* Frameworks */ = {
			isa = PBXFrameworksBuildPhase;
			buildActionMask = 2147483647;
			files = (
				C4801D5D28595C1500989149 /* TTGTags in Frameworks */,
				2EAF475AB737661F4F91A685 /* Pods_StartChain.framework in Frameworks */,
			);
			runOnlyForDeploymentPostprocessing = 0;
		};
/* End PBXFrameworksBuildPhase section */

/* Begin PBXGroup section */
		99B3F56DB3A43F07DD4DF668 /* Frameworks */ = {
			isa = PBXGroup;
			children = (
				3D272C4F257885A2906D395F /* Pods_StartChain.framework */,
			);
			name = Frameworks;
			sourceTree = "<group>";
		};
		BF6FDAB6DF18A21F3E65C60B /* Pods */ = {
			isa = PBXGroup;
			children = (
				7D96E015A8D2AA180BCCCE73 /* Pods-StartChain.debug.xcconfig */,
				FF787C111B26AFADE0B6B091 /* Pods-StartChain.release.xcconfig */,
			);
			path = Pods;
			sourceTree = "<group>";
		};
		C4184C4C284AEBE5009107BD /* Login */ = {
			isa = PBXGroup;
			children = (
				C4184C4F284AF0C2009107BD /* LoginViewController.swift */,
				C4184C53284BB6C3009107BD /* Sign Up */,
				C4184C52284BB6B3009107BD /* Sign In */,
				C443E5A0284E517400C4A35D /* SettingUpProfile */,
			);
			path = Login;
			sourceTree = "<group>";
		};
		C4184C4D284AEBED009107BD /* HomeEmployee */ = {
			isa = PBXGroup;
			children = (
				C4DD4FB4284CF5B300011DB6 /* HomeEmployeeViewController.swift */,
			);
			path = HomeEmployee;
			sourceTree = "<group>";
		};
		C4184C52284BB6B3009107BD /* Sign In */ = {
			isa = PBXGroup;
			children = (
				C4184C54284BB6E2009107BD /* SignInViewController.swift */,
			);
			path = "Sign In";
			sourceTree = "<group>";
		};
		C4184C53284BB6C3009107BD /* Sign Up */ = {
			isa = PBXGroup;
			children = (
				C4184C5B284BCB4F009107BD /* SignUpViewController.swift */,
			);
			path = "Sign Up";
			sourceTree = "<group>";
		};
		C4184C5A284BCB30009107BD /* Creating an Account */ = {
			isa = PBXGroup;
			children = (
				C4184C58284BC26E009107BD /* CreatingAnAccountViewController.swift */,
			);
			path = "Creating an Account";
			sourceTree = "<group>";
		};
		C4184C96284C013D009107BD /* Helper */ = {
			isa = PBXGroup;
			children = (
				C4184C97284C0150009107BD /* Utilities.swift */,
				C4874811284F963A00878610 /* Data.swift */,
				C41467DE284FB5E600772E66 /* Coordinator.swift */,
				C41467E02850D85E00772E66 /* Account.swift */,
			);
			path = Helper;
			sourceTree = "<group>";
		};
		C443E59E284E50C800C4A35D /* Home */ = {
			isa = PBXGroup;
			children = (
				C4845474285FE05F006BA467 /* SearchFeed */,
				C4845471285FDD8B006BA467 /* Profile */,
				C4184C4D284AEBED009107BD /* HomeEmployee */,
			);
			path = Home;
			sourceTree = "<group>";
		};
		C443E59F284E50E000C4A35D /* Extra */ = {
			isa = PBXGroup;
			children = (
				C491C52E284A74A6002B6718 /* Onboarding */,
			);
			path = Extra;
			sourceTree = "<group>";
		};
		C443E5A0284E517400C4A35D /* SettingUpProfile */ = {
			isa = PBXGroup;
			children = (
				C443E5A1284E51A600C4A35D /* ForEmployee */,
				C4184C5A284BCB30009107BD /* Creating an Account */,
				C443E5A3284E51DB00C4A35D /* UsernameViewController.swift */,
				C4801D512858B80600989149 /* NameViewController.swift */,
				C4801D532858B8D700989149 /* AgeViewController.swift */,
				C4801D562858C08100989149 /* InterestViewController.swift */,
				C4801D59285905CA00989149 /* SkillsViewController.swift */,
			);
			path = SettingUpProfile;
			sourceTree = "<group>";
		};
		C443E5A1284E51A600C4A35D /* ForEmployee */ = {
			isa = PBXGroup;
			children = (
				C443E5A5284E51F800C4A35D /* SettingUpProfileForEmployeeViewController.swift */,
			);
			path = ForEmployee;
			sourceTree = "<group>";
		};
		C44703382864B12D00935749 /* CustomCells */ = {
			isa = PBXGroup;
			children = (
				C447033A2864B13A00935749 /* ViewCells */,
				C44703392864B13300935749 /* EditCells */,
			);
			path = CustomCells;
			sourceTree = "<group>";
		};
		C44703392864B13300935749 /* EditCells */ = {
			isa = PBXGroup;
			children = (
			);
			path = EditCells;
			sourceTree = "<group>";
		};
		C447033A2864B13A00935749 /* ViewCells */ = {
			isa = PBXGroup;
			children = (
			);
			path = ViewCells;
			sourceTree = "<group>";
		};
		C4801D4E285814DE00989149 /* Storyboards */ = {
			isa = PBXGroup;
			children = (
				C491C501284A7422002B6718 /* Main.storyboard */,
				C491C506284A7425002B6718 /* LaunchScreen.storyboard */,
				C4801D4F2858150800989149 /* SettingUpProfile.storyboard */,
				C454AC89285CD2EB00CC0055 /* Home.storyboard */,
				C484546B285FD25F006BA467 /* SearchFeed.storyboard */,
				C484546F285FDCA6006BA467 /* Profile.storyboard */,
				C4F4B35E286242F8007A9ED5 /* SearchPreferences.storyboard */,
				C4F4B36028624447007A9ED5 /* EditProfile.storyboard */,
				C4F4B36228624898007A9ED5 /* Settings.storyboard */,
				C447033D2864B3BB00935749 /* Message.storyboard */,
			);
			path = Storyboards;
			sourceTree = "<group>";
		};
		C4845471285FDD8B006BA467 /* Profile */ = {
			isa = PBXGroup;
			children = (
				C4F4B36428624E43007A9ED5 /* EditProfile */,
				C4F4B35D28621E1A007A9ED5 /* Settings */,
				C4F4B35C28621DDD007A9ED5 /* SearchPreferences */,
				C4F4B35B28621DD2007A9ED5 /* WhatWorks */,
				C4F4B35A28621DC5007A9ED5 /* HelpCentre */,
				C4845472285FDDB3006BA467 /* TestProfileViewController.swift */,
				C4F4B3542861FC5F007A9ED5 /* ProfileViewController.swift */,
				C4F4B356286207EB007A9ED5 /* HeaderTableViewCell.swift */,
				C4F4B357286207EB007A9ED5 /* HeaderTableViewCell.xib */,
			);
			path = Profile;
			sourceTree = "<group>";
		};
		C4845474285FE05F006BA467 /* SearchFeed */ = {
			isa = PBXGroup;
			children = (
				C4DD4FB2284CF5A600011DB6 /* HomeEmployerViewController.swift */,
			);
			path = SearchFeed;
			sourceTree = "<group>";
		};
		C491C4EF284A7422002B6718 = {
			isa = PBXGroup;
			children = (
				C491C4FA284A7422002B6718 /* StartChain */,
				C491C4F9284A7422002B6718 /* Products */,
				BF6FDAB6DF18A21F3E65C60B /* Pods */,
				99B3F56DB3A43F07DD4DF668 /* Frameworks */,
			);
			sourceTree = "<group>";
		};
		C491C4F9284A7422002B6718 /* Products */ = {
			isa = PBXGroup;
			children = (
				C491C4F8284A7422002B6718 /* StartChain.app */,
			);
			name = Products;
			sourceTree = "<group>";
		};
		C491C4FA284A7422002B6718 /* StartChain */ = {
			isa = PBXGroup;
			children = (
				C4801D4E285814DE00989149 /* Storyboards */,
				C4184C96284C013D009107BD /* Helper */,
				C491C531284A7ABD002B6718 /* Extensions */,
				C491C52C284A747E002B6718 /* Views */,
				C491C52B284A7471002B6718 /* Models */,
				C491C4FB284A7422002B6718 /* AppDelegate.swift */,
				C491C4FD284A7422002B6718 /* SceneDelegate.swift */,
				C491C509284A7425002B6718 /* Info.plist */,
				C4B1D3E9285795C800EF6F63 /* GoogleService-Info.plist */,
				C41467E42851484600772E66 /* Assets.xcassets */,
			);
			path = StartChain;
			sourceTree = "<group>";
		};
		C491C52B284A7471002B6718 /* Models */ = {
			isa = PBXGroup;
			children = (
				C41467E22851482900772E66 /* Assets.xcassets */,
				C4F1FFD8284A7CC300CB8D1D /* OnboardingSlide.swift */,
				C443E59A284D16F500C4A35D /* UserInfo.swift */,
			);
			path = Models;
			sourceTree = "<group>";
		};
		C491C52C284A747E002B6718 /* Views */ = {
			isa = PBXGroup;
			children = (
				C443E59F284E50E000C4A35D /* Extra */,
				C443E59E284E50C800C4A35D /* Home */,
				C4184C4C284AEBE5009107BD /* Login */,
			);
			path = Views;
			sourceTree = "<group>";
		};
		C491C52E284A74A6002B6718 /* Onboarding */ = {
			isa = PBXGroup;
			children = (
				C491C52F284A74F5002B6718 /* OnboardingViewController.swift */,
				C4F1FFDA284A7F3100CB8D1D /* OnboardingCollectionViewCell.swift */,
			);
			path = Onboarding;
			sourceTree = "<group>";
		};
		C491C531284A7ABD002B6718 /* Extensions */ = {
			isa = PBXGroup;
			children = (
				C491C532284A7AFD002B6718 /* UIView+Extension.swift */,
			);
			path = Extensions;
			sourceTree = "<group>";
		};
		C4F4B35A28621DC5007A9ED5 /* HelpCentre */ = {
			isa = PBXGroup;
			children = (
			);
			path = HelpCentre;
			sourceTree = "<group>";
		};
		C4F4B35B28621DD2007A9ED5 /* WhatWorks */ = {
			isa = PBXGroup;
			children = (
			);
			path = WhatWorks;
			sourceTree = "<group>";
		};
		C4F4B35C28621DDD007A9ED5 /* SearchPreferences */ = {
			isa = PBXGroup;
			children = (
				C40C3A302863783D0060AD49 /* SearchPreferencesViewController.swift */,
			);
			path = SearchPreferences;
			sourceTree = "<group>";
		};
		C4F4B35D28621E1A007A9ED5 /* Settings */ = {
			isa = PBXGroup;
			children = (
			);
			path = Settings;
			sourceTree = "<group>";
		};
		C4F4B36428624E43007A9ED5 /* EditProfile */ = {
			isa = PBXGroup;
			children = (
				C44703382864B12D00935749 /* CustomCells */,
				C40C3A322863876B0060AD49 /* EditCollectionViewCell.swift */,
				C40C3A332863876B0060AD49 /* EditCollectionViewCell.xib */,
				C40C3A362863877C0060AD49 /* ViewCollectionViewCell.swift */,
				C40C3A372863877C0060AD49 /* ViewCollectionViewCell.xib */,
				C40C3A3A286389780060AD49 /* EditCollectionViewController.swift */,
			);
			path = EditProfile;
			sourceTree = "<group>";
		};
/* End PBXGroup section */

/* Begin PBXNativeTarget section */
		C491C4F7284A7422002B6718 /* StartChain */ = {
			isa = PBXNativeTarget;
			buildConfigurationList = C491C522284A7426002B6718 /* Build configuration list for PBXNativeTarget "StartChain" */;
			buildPhases = (
				AE6DBECFF22C4FA628E9D3AA /* [CP] Check Pods Manifest.lock */,
				C491C4F4284A7422002B6718 /* Sources */,
				C491C4F5284A7422002B6718 /* Frameworks */,
				C491C4F6284A7422002B6718 /* Resources */,
				D646030F335E4E40F6324E6A /* [CP] Embed Pods Frameworks */,
			);
			buildRules = (
			);
			dependencies = (
			);
			name = StartChain;
			packageProductDependencies = (
				C4801D5C28595C1500989149 /* TTGTags */,
			);
			productName = "Hinger for jobs";
			productReference = C491C4F8284A7422002B6718 /* StartChain.app */;
			productType = "com.apple.product-type.application";
		};
/* End PBXNativeTarget section */

/* Begin PBXProject section */
		C491C4F0284A7422002B6718 /* Project object */ = {
			isa = PBXProject;
			attributes = {
				BuildIndependentTargetsInParallel = 1;
				LastSwiftUpdateCheck = 1340;
				LastUpgradeCheck = 1340;
				TargetAttributes = {
					C491C4F7284A7422002B6718 = {
						CreatedOnToolsVersion = 13.4;
					};
				};
			};
			buildConfigurationList = C491C4F3284A7422002B6718 /* Build configuration list for PBXProject "StartChain" */;
			compatibilityVersion = "Xcode 13.0";
			developmentRegion = en;
			hasScannedForEncodings = 0;
			knownRegions = (
				en,
				Base,
			);
			mainGroup = C491C4EF284A7422002B6718;
			packageReferences = (
				C4184C5F284BE1F6009107BD /* XCRemoteSwiftPackageReference "firebase-ios-sdk" */,
				C4801D5B28595C1400989149 /* XCRemoteSwiftPackageReference "TTGTagCollectionView" */,
			);
			productRefGroup = C491C4F9284A7422002B6718 /* Products */;
			projectDirPath = "";
			projectRoot = "";
			targets = (
				C491C4F7284A7422002B6718 /* StartChain */,
			);
		};
/* End PBXProject section */

/* Begin PBXResourcesBuildPhase section */
		C491C4F6284A7422002B6718 /* Resources */ = {
			isa = PBXResourcesBuildPhase;
			buildActionMask = 2147483647;
			files = (
				C454AC8A285CD2EB00CC0055 /* Home.storyboard in Resources */,
				C40C3A352863876B0060AD49 /* EditCollectionViewCell.xib in Resources */,
				C491C508284A7425002B6718 /* LaunchScreen.storyboard in Resources */,
				C4845470285FDCA6006BA467 /* Profile.storyboard in Resources */,
				C4F4B36128624447007A9ED5 /* EditProfile.storyboard in Resources */,
				C4F4B35F286242F8007A9ED5 /* SearchPreferences.storyboard in Resources */,
				C41467E32851482900772E66 /* Assets.xcassets in Resources */,
				C4B1D3EA285795C800EF6F63 /* GoogleService-Info.plist in Resources */,
				C4F4B359286207EB007A9ED5 /* HeaderTableViewCell.xib in Resources */,
				C491C503284A7422002B6718 /* Main.storyboard in Resources */,
				C4801D502858150800989149 /* SettingUpProfile.storyboard in Resources */,
				C484546C285FD25F006BA467 /* SearchFeed.storyboard in Resources */,
				C40C3A392863877C0060AD49 /* ViewCollectionViewCell.xib in Resources */,
				C41467E52851484600772E66 /* Assets.xcassets in Resources */,
				C447033E2864B3BB00935749 /* Message.storyboard in Resources */,
				C4F4B36328624898007A9ED5 /* Settings.storyboard in Resources */,
			);
			runOnlyForDeploymentPostprocessing = 0;
		};
/* End PBXResourcesBuildPhase section */

/* Begin PBXShellScriptBuildPhase section */
		AE6DBECFF22C4FA628E9D3AA /* [CP] Check Pods Manifest.lock */ = {
			isa = PBXShellScriptBuildPhase;
			buildActionMask = 2147483647;
			files = (
			);
			inputFileListPaths = (
			);
			inputPaths = (
				"${PODS_PODFILE_DIR_PATH}/Podfile.lock",
				"${PODS_ROOT}/Manifest.lock",
			);
			name = "[CP] Check Pods Manifest.lock";
			outputFileListPaths = (
			);
			outputPaths = (
				"$(DERIVED_FILE_DIR)/Pods-StartChain-checkManifestLockResult.txt",
			);
			runOnlyForDeploymentPostprocessing = 0;
			shellPath = /bin/sh;
			shellScript = "diff \"${PODS_PODFILE_DIR_PATH}/Podfile.lock\" \"${PODS_ROOT}/Manifest.lock\" > /dev/null\nif [ $? != 0 ] ; then\n    # print error to STDERR\n    echo \"error: The sandbox is not in sync with the Podfile.lock. Run 'pod install' or update your CocoaPods installation.\" >&2\n    exit 1\nfi\n# This output is used by Xcode 'outputs' to avoid re-running this script phase.\necho \"SUCCESS\" > \"${SCRIPT_OUTPUT_FILE_0}\"\n";
			showEnvVarsInLog = 0;
		};
		D646030F335E4E40F6324E6A /* [CP] Embed Pods Frameworks */ = {
			isa = PBXShellScriptBuildPhase;
			buildActionMask = 2147483647;
			files = (
			);
			inputFileListPaths = (
				"${PODS_ROOT}/Target Support Files/Pods-StartChain/Pods-StartChain-frameworks-${CONFIGURATION}-input-files.xcfilelist",
			);
			name = "[CP] Embed Pods Frameworks";
			outputFileListPaths = (
				"${PODS_ROOT}/Target Support Files/Pods-StartChain/Pods-StartChain-frameworks-${CONFIGURATION}-output-files.xcfilelist",
			);
			runOnlyForDeploymentPostprocessing = 0;
			shellPath = /bin/sh;
			shellScript = "\"${PODS_ROOT}/Target Support Files/Pods-StartChain/Pods-StartChain-frameworks.sh\"\n";
			showEnvVarsInLog = 0;
		};
/* End PBXShellScriptBuildPhase section */

/* Begin PBXSourcesBuildPhase section */
		C491C4F4284A7422002B6718 /* Sources */ = {
			isa = PBXSourcesBuildPhase;
			buildActionMask = 2147483647;
			files = (
				C4DD4FB5284CF5B300011DB6 /* HomeEmployeeViewController.swift in Sources */,
				C4DD4FB3284CF5A600011DB6 /* HomeEmployerViewController.swift in Sources */,
				C4801D542858B8D700989149 /* AgeViewController.swift in Sources */,
				C41467E12850D85F00772E66 /* Account.swift in Sources */,
				C4184C50284AF0C2009107BD /* LoginViewController.swift in Sources */,
				C4F1FFD9284A7CC300CB8D1D /* OnboardingSlide.swift in Sources */,
				C4801D572858C08100989149 /* InterestViewController.swift in Sources */,
				C443E5A6284E51F800C4A35D /* SettingUpProfileForEmployeeViewController.swift in Sources */,
				C4184C98284C0151009107BD /* Utilities.swift in Sources */,
				C491C4FC284A7422002B6718 /* AppDelegate.swift in Sources */,
				C491C4FE284A7422002B6718 /* SceneDelegate.swift in Sources */,
				C4184C5C284BCB4F009107BD /* SignUpViewController.swift in Sources */,
				C4801D5A285905CB00989149 /* SkillsViewController.swift in Sources */,
				C4184C55284BB6E2009107BD /* SignInViewController.swift in Sources */,
				C491C533284A7AFD002B6718 /* UIView+Extension.swift in Sources */,
				C40C3A342863876B0060AD49 /* EditCollectionViewCell.swift in Sources */,
				C443E5A4284E51DB00C4A35D /* UsernameViewController.swift in Sources */,
				C41467DF284FB5E600772E66 /* Coordinator.swift in Sources */,
				C40C3A3B286389780060AD49 /* EditCollectionViewController.swift in Sources */,
				C4184C59284BC26E009107BD /* CreatingAnAccountViewController.swift in Sources */,
				C4874812284F963A00878610 /* Data.swift in Sources */,
				C491C530284A74F5002B6718 /* OnboardingViewController.swift in Sources */,
				C4F4B358286207EB007A9ED5 /* HeaderTableViewCell.swift in Sources */,
				C443E59B284D16F500C4A35D /* UserInfo.swift in Sources */,
				C4845473285FDDB3006BA467 /* TestProfileViewController.swift in Sources */,
				C4F4B3552861FC5F007A9ED5 /* ProfileViewController.swift in Sources */,
				C4F1FFDB284A7F3100CB8D1D /* OnboardingCollectionViewCell.swift in Sources */,
				C4801D522858B80600989149 /* NameViewController.swift in Sources */,
				C40C3A382863877C0060AD49 /* ViewCollectionViewCell.swift in Sources */,
				C40C3A312863783E0060AD49 /* SearchPreferencesViewController.swift in Sources */,
			);
			runOnlyForDeploymentPostprocessing = 0;
		};
/* End PBXSourcesBuildPhase section */

/* Begin PBXVariantGroup section */
		C491C501284A7422002B6718 /* Main.storyboard */ = {
			isa = PBXVariantGroup;
			children = (
				C491C502284A7422002B6718 /* Base */,
			);
			name = Main.storyboard;
			sourceTree = "<group>";
		};
		C491C506284A7425002B6718 /* LaunchScreen.storyboard */ = {
			isa = PBXVariantGroup;
			children = (
				C491C507284A7425002B6718 /* Base */,
			);
			name = LaunchScreen.storyboard;
			sourceTree = "<group>";
		};
/* End PBXVariantGroup section */

/* Begin XCBuildConfiguration section */
		C491C520284A7426002B6718 /* Debug */ = {
			isa = XCBuildConfiguration;
			buildSettings = {
				ALWAYS_SEARCH_USER_PATHS = NO;
				CLANG_ANALYZER_NONNULL = YES;
				CLANG_ANALYZER_NUMBER_OBJECT_CONVERSION = YES_AGGRESSIVE;
				CLANG_CXX_LANGUAGE_STANDARD = "gnu++17";
				CLANG_ENABLE_MODULES = YES;
				CLANG_ENABLE_OBJC_ARC = YES;
				CLANG_ENABLE_OBJC_WEAK = YES;
				CLANG_WARN_BLOCK_CAPTURE_AUTORELEASING = YES;
				CLANG_WARN_BOOL_CONVERSION = YES;
				CLANG_WARN_COMMA = YES;
				CLANG_WARN_CONSTANT_CONVERSION = YES;
				CLANG_WARN_DEPRECATED_OBJC_IMPLEMENTATIONS = YES;
				CLANG_WARN_DIRECT_OBJC_ISA_USAGE = YES_ERROR;
				CLANG_WARN_DOCUMENTATION_COMMENTS = YES;
				CLANG_WARN_EMPTY_BODY = YES;
				CLANG_WARN_ENUM_CONVERSION = YES;
				CLANG_WARN_INFINITE_RECURSION = YES;
				CLANG_WARN_INT_CONVERSION = YES;
				CLANG_WARN_NON_LITERAL_NULL_CONVERSION = YES;
				CLANG_WARN_OBJC_IMPLICIT_RETAIN_SELF = YES;
				CLANG_WARN_OBJC_LITERAL_CONVERSION = YES;
				CLANG_WARN_OBJC_ROOT_CLASS = YES_ERROR;
				CLANG_WARN_QUOTED_INCLUDE_IN_FRAMEWORK_HEADER = YES;
				CLANG_WARN_RANGE_LOOP_ANALYSIS = YES;
				CLANG_WARN_STRICT_PROTOTYPES = YES;
				CLANG_WARN_SUSPICIOUS_MOVE = YES;
				CLANG_WARN_UNGUARDED_AVAILABILITY = YES_AGGRESSIVE;
				CLANG_WARN_UNREACHABLE_CODE = YES;
				CLANG_WARN__DUPLICATE_METHOD_MATCH = YES;
				COPY_PHASE_STRIP = NO;
				DEBUG_INFORMATION_FORMAT = dwarf;
				ENABLE_STRICT_OBJC_MSGSEND = YES;
				ENABLE_TESTABILITY = YES;
				GCC_C_LANGUAGE_STANDARD = gnu11;
				GCC_DYNAMIC_NO_PIC = NO;
				GCC_NO_COMMON_BLOCKS = NO;
				GCC_OPTIMIZATION_LEVEL = 0;
				GCC_PREPROCESSOR_DEFINITIONS = (
					"DEBUG=1",
					"$(inherited)",
				);
				GCC_WARN_64_TO_32_BIT_CONVERSION = YES;
				GCC_WARN_ABOUT_RETURN_TYPE = YES_ERROR;
				GCC_WARN_UNDECLARED_SELECTOR = YES;
				GCC_WARN_UNINITIALIZED_AUTOS = YES_AGGRESSIVE;
				GCC_WARN_UNUSED_FUNCTION = YES;
				GCC_WARN_UNUSED_VARIABLE = YES;
				IPHONEOS_DEPLOYMENT_TARGET = 14.0;
				MTL_ENABLE_DEBUG_INFO = INCLUDE_SOURCE;
				MTL_FAST_MATH = YES;
				ONLY_ACTIVE_ARCH = YES;
				OTHER_CODE_SIGN_FLAGS = "";
				SDKROOT = iphoneos;
				SWIFT_ACTIVE_COMPILATION_CONDITIONS = DEBUG;
				SWIFT_OPTIMIZATION_LEVEL = "-Onone";
			};
			name = Debug;
		};
		C491C521284A7426002B6718 /* Release */ = {
			isa = XCBuildConfiguration;
			buildSettings = {
				ALWAYS_SEARCH_USER_PATHS = NO;
				CLANG_ANALYZER_NONNULL = YES;
				CLANG_ANALYZER_NUMBER_OBJECT_CONVERSION = YES_AGGRESSIVE;
				CLANG_CXX_LANGUAGE_STANDARD = "gnu++17";
				CLANG_ENABLE_MODULES = YES;
				CLANG_ENABLE_OBJC_ARC = YES;
				CLANG_ENABLE_OBJC_WEAK = YES;
				CLANG_WARN_BLOCK_CAPTURE_AUTORELEASING = YES;
				CLANG_WARN_BOOL_CONVERSION = YES;
				CLANG_WARN_COMMA = YES;
				CLANG_WARN_CONSTANT_CONVERSION = YES;
				CLANG_WARN_DEPRECATED_OBJC_IMPLEMENTATIONS = YES;
				CLANG_WARN_DIRECT_OBJC_ISA_USAGE = YES_ERROR;
				CLANG_WARN_DOCUMENTATION_COMMENTS = YES;
				CLANG_WARN_EMPTY_BODY = YES;
				CLANG_WARN_ENUM_CONVERSION = YES;
				CLANG_WARN_INFINITE_RECURSION = YES;
				CLANG_WARN_INT_CONVERSION = YES;
				CLANG_WARN_NON_LITERAL_NULL_CONVERSION = YES;
				CLANG_WARN_OBJC_IMPLICIT_RETAIN_SELF = YES;
				CLANG_WARN_OBJC_LITERAL_CONVERSION = YES;
				CLANG_WARN_OBJC_ROOT_CLASS = YES_ERROR;
				CLANG_WARN_QUOTED_INCLUDE_IN_FRAMEWORK_HEADER = YES;
				CLANG_WARN_RANGE_LOOP_ANALYSIS = YES;
				CLANG_WARN_STRICT_PROTOTYPES = YES;
				CLANG_WARN_SUSPICIOUS_MOVE = YES;
				CLANG_WARN_UNGUARDED_AVAILABILITY = YES_AGGRESSIVE;
				CLANG_WARN_UNREACHABLE_CODE = YES;
				CLANG_WARN__DUPLICATE_METHOD_MATCH = YES;
				COPY_PHASE_STRIP = NO;
				DEBUG_INFORMATION_FORMAT = "dwarf-with-dsym";
				ENABLE_NS_ASSERTIONS = NO;
				ENABLE_STRICT_OBJC_MSGSEND = YES;
				GCC_C_LANGUAGE_STANDARD = gnu11;
				GCC_NO_COMMON_BLOCKS = NO;
				GCC_WARN_64_TO_32_BIT_CONVERSION = YES;
				GCC_WARN_ABOUT_RETURN_TYPE = YES_ERROR;
				GCC_WARN_UNDECLARED_SELECTOR = YES;
				GCC_WARN_UNINITIALIZED_AUTOS = YES_AGGRESSIVE;
				GCC_WARN_UNUSED_FUNCTION = YES;
				GCC_WARN_UNUSED_VARIABLE = YES;
				IPHONEOS_DEPLOYMENT_TARGET = 14.0;
				MTL_ENABLE_DEBUG_INFO = NO;
				MTL_FAST_MATH = YES;
				OTHER_CODE_SIGN_FLAGS = "";
				"OTHER_CODE_SIGN_FLAGS[sdk=*]" = "";
				SDKROOT = iphoneos;
				SWIFT_COMPILATION_MODE = wholemodule;
				SWIFT_OPTIMIZATION_LEVEL = "-O";
				VALIDATE_PRODUCT = YES;
			};
			name = Release;
		};
		C491C523284A7426002B6718 /* Debug */ = {
			isa = XCBuildConfiguration;
			baseConfigurationReference = 7D96E015A8D2AA180BCCCE73 /* Pods-StartChain.debug.xcconfig */;
			buildSettings = {
				ASSETCATALOG_COMPILER_APPICON_NAME = AppIcon;
				ASSETCATALOG_COMPILER_GLOBAL_ACCENT_COLOR_NAME = AccentColor;
				CODE_SIGN_IDENTITY = "iPhone Developer";
				CODE_SIGN_STYLE = Automatic;
				CURRENT_PROJECT_VERSION = 1;
				DEVELOPMENT_TEAM = JV36JY5XP5;
				GCC_NO_COMMON_BLOCKS = NO;
				GENERATE_INFOPLIST_FILE = YES;
				INFOPLIST_FILE = StartChain/Info.plist;
				INFOPLIST_KEY_CFBundleDisplayName = StartChain;
				INFOPLIST_KEY_UIApplicationSupportsIndirectInputEvents = YES;
				INFOPLIST_KEY_UILaunchStoryboardName = LaunchScreen;
				INFOPLIST_KEY_UIMainStoryboardFile = Main;
				INFOPLIST_KEY_UISupportedInterfaceOrientations_iPad = "UIInterfaceOrientationPortrait UIInterfaceOrientationPortraitUpsideDown UIInterfaceOrientationLandscapeLeft UIInterfaceOrientationLandscapeRight";
				INFOPLIST_KEY_UISupportedInterfaceOrientations_iPhone = "UIInterfaceOrientationPortrait UIInterfaceOrientationLandscapeLeft UIInterfaceOrientationLandscapeRight";
				IPHONEOS_DEPLOYMENT_TARGET = 14.0;
				LD_RUNPATH_SEARCH_PATHS = (
					"$(inherited)",
					"@executable_path/Frameworks",
				);
				MARKETING_VERSION = 1.0;
				"OTHER_CODE_SIGN_FLAGS[sdk=*]" = "--generate-entitlement-der";
				PRODUCT_BUNDLE_IDENTIFIER = onewho.startchain;
				PRODUCT_NAME = "$(TARGET_NAME)";
				SWIFT_EMIT_LOC_STRINGS = YES;
				SWIFT_VERSION = 5.0;
				TARGETED_DEVICE_FAMILY = "1,2";
				VALID_ARCHS = "$(ARCHS_STANDARD)";
			};
			name = Debug;
		};
		C491C524284A7426002B6718 /* Release */ = {
			isa = XCBuildConfiguration;
			baseConfigurationReference = FF787C111B26AFADE0B6B091 /* Pods-StartChain.release.xcconfig */;
			buildSettings = {
				ASSETCATALOG_COMPILER_APPICON_NAME = AppIcon;
				ASSETCATALOG_COMPILER_GLOBAL_ACCENT_COLOR_NAME = AccentColor;
				CODE_SIGN_IDENTITY = "iPhone Developer";
				CODE_SIGN_STYLE = Automatic;
				CURRENT_PROJECT_VERSION = 1;
				DEVELOPMENT_TEAM = JV36JY5XP5;
				GCC_NO_COMMON_BLOCKS = NO;
				GENERATE_INFOPLIST_FILE = YES;
				INFOPLIST_FILE = StartChain/Info.plist;
				INFOPLIST_KEY_CFBundleDisplayName = StartChain;
				INFOPLIST_KEY_UIApplicationSupportsIndirectInputEvents = YES;
				INFOPLIST_KEY_UILaunchStoryboardName = LaunchScreen;
				INFOPLIST_KEY_UIMainStoryboardFile = Main;
				INFOPLIST_KEY_UISupportedInterfaceOrientations_iPad = "UIInterfaceOrientationPortrait UIInterfaceOrientationPortraitUpsideDown UIInterfaceOrientationLandscapeLeft UIInterfaceOrientationLandscapeRight";
				INFOPLIST_KEY_UISupportedInterfaceOrientations_iPhone = "UIInterfaceOrientationPortrait UIInterfaceOrientationLandscapeLeft UIInterfaceOrientationLandscapeRight";
				IPHONEOS_DEPLOYMENT_TARGET = 14.0;
				LD_RUNPATH_SEARCH_PATHS = (
					"$(inherited)",
					"@executable_path/Frameworks",
				);
				MARKETING_VERSION = 1.0;
				ONLY_ACTIVE_ARCH = YES;
				"OTHER_CODE_SIGN_FLAGS[sdk=*]" = "--generate-entitlement-der";
				PRODUCT_BUNDLE_IDENTIFIER = onewho.startchain;
				PRODUCT_NAME = "$(TARGET_NAME)";
				PROVISIONING_PROFILE_SPECIFIER = "";
				SWIFT_EMIT_LOC_STRINGS = YES;
				SWIFT_VERSION = 5.0;
				TARGETED_DEVICE_FAMILY = "1,2";
				VALID_ARCHS = "$(ARCHS_STANDARD)";
			};
			name = Release;
		};
/* End XCBuildConfiguration section */

/* Begin XCConfigurationList section */
		C491C4F3284A7422002B6718 /* Build configuration list for PBXProject "StartChain" */ = {
			isa = XCConfigurationList;
			buildConfigurations = (
				C491C520284A7426002B6718 /* Debug */,
				C491C521284A7426002B6718 /* Release */,
			);
			defaultConfigurationIsVisible = 0;
			defaultConfigurationName = Release;
		};
		C491C522284A7426002B6718 /* Build configuration list for PBXNativeTarget "StartChain" */ = {
			isa = XCConfigurationList;
			buildConfigurations = (
				C491C523284A7426002B6718 /* Debug */,
				C491C524284A7426002B6718 /* Release */,
			);
			defaultConfigurationIsVisible = 0;
			defaultConfigurationName = Release;
		};
/* End XCConfigurationList section */

/* Begin XCRemoteSwiftPackageReference section */
		C4184C5F284BE1F6009107BD /* XCRemoteSwiftPackageReference "firebase-ios-sdk" */ = {
			isa = XCRemoteSwiftPackageReference;
			repositoryURL = "https://github.com/firebase/firebase-ios-sdk";
			requirement = {
				kind = upToNextMajorVersion;
				minimumVersion = 9.0.0;
			};
		};
		C4801D5B28595C1400989149 /* XCRemoteSwiftPackageReference "TTGTagCollectionView" */ = {
			isa = XCRemoteSwiftPackageReference;
			repositoryURL = "https://github.com/zekunyan/TTGTagCollectionView";
			requirement = {
				kind = upToNextMajorVersion;
				minimumVersion = 2.0.0;
			};
		};
/* End XCRemoteSwiftPackageReference section */

/* Begin XCSwiftPackageProductDependency section */
		C4801D5C28595C1500989149 /* TTGTags */ = {
			isa = XCSwiftPackageProductDependency;
			package = C4801D5B28595C1400989149 /* XCRemoteSwiftPackageReference "TTGTagCollectionView" */;
			productName = TTGTags;
		};
/* End XCSwiftPackageProductDependency section */
	};
	rootObject = C491C4F0284A7422002B6718 /* Project object */;
}
